// !$*UTF8*$!
{
	archiveVersion = 1;
	classes = {
	};
	objectVersion = 46;
	objects = {

/* Begin PBXBuildFile section */
		6350C5EA19A1727B008CE4F5 /* MatchViewController.swift in Sources */ = {isa = PBXBuildFile; fileRef = 6350C5E919A1727B008CE4F5 /* MatchViewController.swift */; };
		6350C5EC19A24790008CE4F5 /* RootViewController.swift in Sources */ = {isa = PBXBuildFile; fileRef = 6350C5EB19A24790008CE4F5 /* RootViewController.swift */; };
		636CEA24199E586400BEBF53 /* DrawingInputController.swift in Sources */ = {isa = PBXBuildFile; fileRef = 636CEA23199E586400BEBF53 /* DrawingInputController.swift */; };
		636CEA29199F251200BEBF53 /* Match.swift in Sources */ = {isa = PBXBuildFile; fileRef = 636CEA28199F251200BEBF53 /* Match.swift */; };
		636CEA2B199F25F000BEBF53 /* MatchView.swift in Sources */ = {isa = PBXBuildFile; fileRef = 636CEA2A199F25F000BEBF53 /* MatchView.swift */; };
		638576EC19A6481500581DE8 /* Themes.swift in Sources */ = {isa = PBXBuildFile; fileRef = 638576EB19A6481500581DE8 /* Themes.swift */; };
		638576F019A65B4500581DE8 /* Geometry.swift in Sources */ = {isa = PBXBuildFile; fileRef = 638576EF19A65B4500581DE8 /* Geometry.swift */; };
		63B44AF519990DA100AE7B62 /* Stroke.swift in Sources */ = {isa = PBXBuildFile; fileRef = 63BBECBB19967B0C00F6E2B3 /* Stroke.swift */; };
		63B44AF619990DA100AE7B62 /* Drawing.swift in Sources */ = {isa = PBXBuildFile; fileRef = 63BBECB519967ACC00F6E2B3 /* Drawing.swift */; };
		63B44AF719990DA100AE7B62 /* Result.swift in Sources */ = {isa = PBXBuildFile; fileRef = 63FDE7311998249A0006B7E4 /* Result.swift */; };
		63B44AFC199A66AB00AE7B62 /* UIColor_Serialization.swift in Sources */ = {isa = PBXBuildFile; fileRef = 63B44AFA199A5DFD00AE7B62 /* UIColor_Serialization.swift */; };
		63B44AFD199A66B400AE7B62 /* UIColor_Serialization.swift in Sources */ = {isa = PBXBuildFile; fileRef = 63B44AFA199A5DFD00AE7B62 /* UIColor_Serialization.swift */; };
		63B7B70D19A4EB1A00F280AB /* DrawingToolSelector.swift in Sources */ = {isa = PBXBuildFile; fileRef = 63B7B70C19A4EB1A00F280AB /* DrawingToolSelector.swift */; };
		63BBEC9019967A2300F6E2B3 /* AppDelegate.swift in Sources */ = {isa = PBXBuildFile; fileRef = 63BBEC8F19967A2300F6E2B3 /* AppDelegate.swift */; };
		63BBEC9919967A2300F6E2B3 /* Main.storyboard in Resources */ = {isa = PBXBuildFile; fileRef = 63BBEC9719967A2300F6E2B3 /* Main.storyboard */; };
		63BBEC9B19967A2300F6E2B3 /* Images.xcassets in Resources */ = {isa = PBXBuildFile; fileRef = 63BBEC9A19967A2300F6E2B3 /* Images.xcassets */; };
		63BBECA719967A2300F6E2B3 /* SquizitTests.swift in Sources */ = {isa = PBXBuildFile; fileRef = 63BBECA619967A2300F6E2B3 /* SquizitTests.swift */; };
		63BBECB619967ACC00F6E2B3 /* Drawing.swift in Sources */ = {isa = PBXBuildFile; fileRef = 63BBECB519967ACC00F6E2B3 /* Drawing.swift */; };
		63BBECBC19967B0C00F6E2B3 /* Stroke.swift in Sources */ = {isa = PBXBuildFile; fileRef = 63BBECBB19967B0C00F6E2B3 /* Stroke.swift */; };
		63EBB83819A65C45003C3EC2 /* Geometry.swift in Sources */ = {isa = PBXBuildFile; fileRef = 638576EF19A65B4500581DE8 /* Geometry.swift */; };
		63EBB83B19A78BAA003C3EC2 /* MatchShieldView.swift in Sources */ = {isa = PBXBuildFile; fileRef = 63EBB83A19A78BAA003C3EC2 /* MatchShieldView.swift */; };
		63FDE7321998249A0006B7E4 /* Result.swift in Sources */ = {isa = PBXBuildFile; fileRef = 63FDE7311998249A0006B7E4 /* Result.swift */; };
/* End PBXBuildFile section */

/* Begin PBXContainerItemProxy section */
		63BBECA119967A2300F6E2B3 /* PBXContainerItemProxy */ = {
			isa = PBXContainerItemProxy;
			containerPortal = 63BBEC8219967A2300F6E2B3 /* Project object */;
			proxyType = 1;
			remoteGlobalIDString = 63BBEC8919967A2300F6E2B3;
			remoteInfo = Squizit;
		};
		63BBECCD1996F8A200F6E2B3 /* PBXContainerItemProxy */ = {
			isa = PBXContainerItemProxy;
			containerPortal = 63BBECC81996F8A200F6E2B3 /* Lilliput.xcodeproj */;
			proxyType = 2;
			remoteGlobalIDString = E5BDC5C1196F698B001ABC11;
			remoteInfo = Lilliput;
		};
		63BBECCF1996F8A200F6E2B3 /* PBXContainerItemProxy */ = {
			isa = PBXContainerItemProxy;
			containerPortal = 63BBECC81996F8A200F6E2B3 /* Lilliput.xcodeproj */;
			proxyType = 2;
			remoteGlobalIDString = E5BDC5CC196F698C001ABC11;
			remoteInfo = LilliputTests;
		};
		63BBECD11996F8A800F6E2B3 /* PBXContainerItemProxy */ = {
			isa = PBXContainerItemProxy;
			containerPortal = 63BBECC81996F8A200F6E2B3 /* Lilliput.xcodeproj */;
			proxyType = 1;
			remoteGlobalIDString = E5BDC5C0196F698B001ABC11;
			remoteInfo = Lilliput;
		};
/* End PBXContainerItemProxy section */

/* Begin PBXFileReference section */
		6350C5E919A1727B008CE4F5 /* MatchViewController.swift */ = {isa = PBXFileReference; fileEncoding = 4; lastKnownFileType = sourcecode.swift; path = MatchViewController.swift; sourceTree = "<group>"; };
		6350C5EB19A24790008CE4F5 /* RootViewController.swift */ = {isa = PBXFileReference; fileEncoding = 4; lastKnownFileType = sourcecode.swift; path = RootViewController.swift; sourceTree = "<group>"; };
		636CEA23199E586400BEBF53 /* DrawingInputController.swift */ = {isa = PBXFileReference; fileEncoding = 4; lastKnownFileType = sourcecode.swift; path = DrawingInputController.swift; sourceTree = "<group>"; };
		636CEA28199F251200BEBF53 /* Match.swift */ = {isa = PBXFileReference; fileEncoding = 4; lastKnownFileType = sourcecode.swift; path = Match.swift; sourceTree = "<group>"; };
		636CEA2A199F25F000BEBF53 /* MatchView.swift */ = {isa = PBXFileReference; fileEncoding = 4; lastKnownFileType = sourcecode.swift; path = MatchView.swift; sourceTree = "<group>"; };
		638576EB19A6481500581DE8 /* Themes.swift */ = {isa = PBXFileReference; fileEncoding = 4; lastKnownFileType = sourcecode.swift; path = Themes.swift; sourceTree = "<group>"; };
		638576EF19A65B4500581DE8 /* Geometry.swift */ = {isa = PBXFileReference; fileEncoding = 4; lastKnownFileType = sourcecode.swift; path = Geometry.swift; sourceTree = "<group>"; };
		63B44AFA199A5DFD00AE7B62 /* UIColor_Serialization.swift */ = {isa = PBXFileReference; fileEncoding = 4; lastKnownFileType = sourcecode.swift; path = UIColor_Serialization.swift; sourceTree = "<group>"; };
		63B7B70C19A4EB1A00F280AB /* DrawingToolSelector.swift */ = {isa = PBXFileReference; fileEncoding = 4; lastKnownFileType = sourcecode.swift; path = DrawingToolSelector.swift; sourceTree = "<group>"; };
		63BBEC8A19967A2300F6E2B3 /* Squizit.app */ = {isa = PBXFileReference; explicitFileType = wrapper.application; includeInIndex = 0; path = Squizit.app; sourceTree = BUILT_PRODUCTS_DIR; };
		63BBEC8E19967A2300F6E2B3 /* Info.plist */ = {isa = PBXFileReference; lastKnownFileType = text.plist.xml; path = Info.plist; sourceTree = "<group>"; };
		63BBEC8F19967A2300F6E2B3 /* AppDelegate.swift */ = {isa = PBXFileReference; lastKnownFileType = sourcecode.swift; path = AppDelegate.swift; sourceTree = "<group>"; };
		63BBEC9819967A2300F6E2B3 /* Base */ = {isa = PBXFileReference; lastKnownFileType = file.storyboard; name = Base; path = Base.lproj/Main.storyboard; sourceTree = "<group>"; };
		63BBEC9A19967A2300F6E2B3 /* Images.xcassets */ = {isa = PBXFileReference; lastKnownFileType = folder.assetcatalog; path = Images.xcassets; sourceTree = "<group>"; };
		63BBECA019967A2300F6E2B3 /* SquizitTests.xctest */ = {isa = PBXFileReference; explicitFileType = wrapper.cfbundle; includeInIndex = 0; path = SquizitTests.xctest; sourceTree = BUILT_PRODUCTS_DIR; };
		63BBECA519967A2300F6E2B3 /* Info.plist */ = {isa = PBXFileReference; lastKnownFileType = text.plist.xml; path = Info.plist; sourceTree = "<group>"; };
		63BBECA619967A2300F6E2B3 /* SquizitTests.swift */ = {isa = PBXFileReference; lastKnownFileType = sourcecode.swift; path = SquizitTests.swift; sourceTree = "<group>"; };
		63BBECB519967ACC00F6E2B3 /* Drawing.swift */ = {isa = PBXFileReference; fileEncoding = 4; lastKnownFileType = sourcecode.swift; path = Drawing.swift; sourceTree = "<group>"; };
		63BBECBB19967B0C00F6E2B3 /* Stroke.swift */ = {isa = PBXFileReference; fileEncoding = 4; lastKnownFileType = sourcecode.swift; path = Stroke.swift; sourceTree = "<group>"; };
		63BBECC81996F8A200F6E2B3 /* Lilliput.xcodeproj */ = {isa = PBXFileReference; lastKnownFileType = "wrapper.pb-project"; name = Lilliput.xcodeproj; path = "../../3rd Party/Lilliput/Lilliput.xcodeproj"; sourceTree = "<group>"; };
		63EBB83A19A78BAA003C3EC2 /* MatchShieldView.swift */ = {isa = PBXFileReference; fileEncoding = 4; lastKnownFileType = sourcecode.swift; path = MatchShieldView.swift; sourceTree = "<group>"; };
		63FDE7311998249A0006B7E4 /* Result.swift */ = {isa = PBXFileReference; fileEncoding = 4; lastKnownFileType = sourcecode.swift; path = Result.swift; sourceTree = "<group>"; };
/* End PBXFileReference section */

/* Begin PBXFrameworksBuildPhase section */
		63BBEC8719967A2300F6E2B3 /* Frameworks */ = {
			isa = PBXFrameworksBuildPhase;
			buildActionMask = 2147483647;
			files = (
			);
			runOnlyForDeploymentPostprocessing = 0;
		};
		63BBEC9D19967A2300F6E2B3 /* Frameworks */ = {
			isa = PBXFrameworksBuildPhase;
			buildActionMask = 2147483647;
			files = (
			);
			runOnlyForDeploymentPostprocessing = 0;
		};
/* End PBXFrameworksBuildPhase section */

/* Begin PBXGroup section */
		638576E919A6480600581DE8 /* Theme */ = {
			isa = PBXGroup;
			children = (
				638576EB19A6481500581DE8 /* Themes.swift */,
			);
			path = Theme;
			sourceTree = "<group>";
		};
		63B44AF9199A5DEE00AE7B62 /* Extensions */ = {
			isa = PBXGroup;
			children = (
				63B44AFA199A5DFD00AE7B62 /* UIColor_Serialization.swift */,
			);
			path = Extensions;
			sourceTree = "<group>";
		};
		63BBEC8119967A2300F6E2B3 = {
			isa = PBXGroup;
			children = (
				63BBECC81996F8A200F6E2B3 /* Lilliput.xcodeproj */,
				63BBEC8C19967A2300F6E2B3 /* Squizit */,
				63BBECA319967A2300F6E2B3 /* SquizitTests */,
				63BBEC8B19967A2300F6E2B3 /* Products */,
			);
			sourceTree = "<group>";
		};
		63BBEC8B19967A2300F6E2B3 /* Products */ = {
			isa = PBXGroup;
			children = (
				63BBEC8A19967A2300F6E2B3 /* Squizit.app */,
				63BBECA019967A2300F6E2B3 /* SquizitTests.xctest */,
			);
			name = Products;
			sourceTree = "<group>";
		};
		63BBEC8C19967A2300F6E2B3 /* Squizit */ = {
			isa = PBXGroup;
			children = (
				63B44AF9199A5DEE00AE7B62 /* Extensions */,
				63BBECB019967A9900F6E2B3 /* Models */,
				638576E919A6480600581DE8 /* Theme */,
				63BBECB119967A9900F6E2B3 /* ViewControllers */,
				63BBECB219967A9900F6E2B3 /* Views */,
				63BBEC8F19967A2300F6E2B3 /* AppDelegate.swift */,
				63BBEC9719967A2300F6E2B3 /* Main.storyboard */,
				63BBEC9A19967A2300F6E2B3 /* Images.xcassets */,
				63BBEC8D19967A2300F6E2B3 /* Supporting Files */,
			);
			path = Squizit;
			sourceTree = "<group>";
		};
		63BBEC8D19967A2300F6E2B3 /* Supporting Files */ = {
			isa = PBXGroup;
			children = (
				63BBEC8E19967A2300F6E2B3 /* Info.plist */,
			);
			name = "Supporting Files";
			sourceTree = "<group>";
		};
		63BBECA319967A2300F6E2B3 /* SquizitTests */ = {
			isa = PBXGroup;
			children = (
				63BBECA619967A2300F6E2B3 /* SquizitTests.swift */,
				63BBECA419967A2300F6E2B3 /* Supporting Files */,
			);
			path = SquizitTests;
			sourceTree = "<group>";
		};
		63BBECA419967A2300F6E2B3 /* Supporting Files */ = {
			isa = PBXGroup;
			children = (
				63BBECA519967A2300F6E2B3 /* Info.plist */,
			);
			name = "Supporting Files";
			sourceTree = "<group>";
		};
		63BBECB019967A9900F6E2B3 /* Models */ = {
			isa = PBXGroup;
			children = (
				63BBECBB19967B0C00F6E2B3 /* Stroke.swift */,
				63BBECB519967ACC00F6E2B3 /* Drawing.swift */,
				63FDE7311998249A0006B7E4 /* Result.swift */,
				636CEA23199E586400BEBF53 /* DrawingInputController.swift */,
				636CEA28199F251200BEBF53 /* Match.swift */,
				638576EF19A65B4500581DE8 /* Geometry.swift */,
			);
			path = Models;
			sourceTree = "<group>";
		};
		63BBECB119967A9900F6E2B3 /* ViewControllers */ = {
			isa = PBXGroup;
			children = (
				6350C5E919A1727B008CE4F5 /* MatchViewController.swift */,
				6350C5EB19A24790008CE4F5 /* RootViewController.swift */,
			);
			path = ViewControllers;
			sourceTree = "<group>";
		};
		63BBECB219967A9900F6E2B3 /* Views */ = {
			isa = PBXGroup;
			children = (
				636CEA2A199F25F000BEBF53 /* MatchView.swift */,
				63B7B70C19A4EB1A00F280AB /* DrawingToolSelector.swift */,
				63EBB83A19A78BAA003C3EC2 /* MatchShieldView.swift */,
			);
			path = Views;
			sourceTree = "<group>";
		};
		63BBECC91996F8A200F6E2B3 /* Products */ = {
			isa = PBXGroup;
			children = (
				63BBECCE1996F8A200F6E2B3 /* Lilliput.framework */,
				63BBECD01996F8A200F6E2B3 /* LilliputTests.xctest */,
			);
			name = Products;
			sourceTree = "<group>";
		};
/* End PBXGroup section */

/* Begin PBXNativeTarget section */
		63BBEC8919967A2300F6E2B3 /* Squizit */ = {
			isa = PBXNativeTarget;
			buildConfigurationList = 63BBECAA19967A2300F6E2B3 /* Build configuration list for PBXNativeTarget "Squizit" */;
			buildPhases = (
				63BBEC8619967A2300F6E2B3 /* Sources */,
				63BBEC8719967A2300F6E2B3 /* Frameworks */,
				63BBEC8819967A2300F6E2B3 /* Resources */,
			);
			buildRules = (
			);
			dependencies = (
				63BBECD21996F8A800F6E2B3 /* PBXTargetDependency */,
			);
			name = Squizit;
			productName = Squizit;
			productReference = 63BBEC8A19967A2300F6E2B3 /* Squizit.app */;
			productType = "com.apple.product-type.application";
		};
		63BBEC9F19967A2300F6E2B3 /* SquizitTests */ = {
			isa = PBXNativeTarget;
			buildConfigurationList = 63BBECAD19967A2300F6E2B3 /* Build configuration list for PBXNativeTarget "SquizitTests" */;
			buildPhases = (
				63BBEC9C19967A2300F6E2B3 /* Sources */,
				63BBEC9D19967A2300F6E2B3 /* Frameworks */,
				63BBEC9E19967A2300F6E2B3 /* Resources */,
			);
			buildRules = (
			);
			dependencies = (
				63BBECA219967A2300F6E2B3 /* PBXTargetDependency */,
			);
			name = SquizitTests;
			productName = SquizitTests;
			productReference = 63BBECA019967A2300F6E2B3 /* SquizitTests.xctest */;
			productType = "com.apple.product-type.bundle.unit-test";
		};
/* End PBXNativeTarget section */

/* Begin PBXProject section */
		63BBEC8219967A2300F6E2B3 /* Project object */ = {
			isa = PBXProject;
			attributes = {
				LastUpgradeCheck = 0600;
				ORGANIZATIONNAME = "Shamyl Zakariya";
				TargetAttributes = {
					63BBEC8919967A2300F6E2B3 = {
						CreatedOnToolsVersion = 6.0;
						DevelopmentTeam = F7D98JTW78;
					};
					63BBEC9F19967A2300F6E2B3 = {
						CreatedOnToolsVersion = 6.0;
						TestTargetID = 63BBEC8919967A2300F6E2B3;
					};
				};
			};
			buildConfigurationList = 63BBEC8519967A2300F6E2B3 /* Build configuration list for PBXProject "Squizit" */;
			compatibilityVersion = "Xcode 3.2";
			developmentRegion = English;
			hasScannedForEncodings = 0;
			knownRegions = (
				en,
				Base,
			);
			mainGroup = 63BBEC8119967A2300F6E2B3;
			productRefGroup = 63BBEC8B19967A2300F6E2B3 /* Products */;
			projectDirPath = "";
			projectReferences = (
				{
					ProductGroup = 63BBECC91996F8A200F6E2B3 /* Products */;
					ProjectRef = 63BBECC81996F8A200F6E2B3 /* Lilliput.xcodeproj */;
				},
			);
			projectRoot = "";
			targets = (
				63BBEC8919967A2300F6E2B3 /* Squizit */,
				63BBEC9F19967A2300F6E2B3 /* SquizitTests */,
			);
		};
/* End PBXProject section */

/* Begin PBXReferenceProxy section */
		63BBECCE1996F8A200F6E2B3 /* Lilliput.framework */ = {
			isa = PBXReferenceProxy;
			fileType = wrapper.framework;
			path = Lilliput.framework;
			remoteRef = 63BBECCD1996F8A200F6E2B3 /* PBXContainerItemProxy */;
			sourceTree = BUILT_PRODUCTS_DIR;
		};
		63BBECD01996F8A200F6E2B3 /* LilliputTests.xctest */ = {
			isa = PBXReferenceProxy;
			fileType = wrapper.cfbundle;
			path = LilliputTests.xctest;
			remoteRef = 63BBECCF1996F8A200F6E2B3 /* PBXContainerItemProxy */;
			sourceTree = BUILT_PRODUCTS_DIR;
		};
/* End PBXReferenceProxy section */

/* Begin PBXResourcesBuildPhase section */
		63BBEC8819967A2300F6E2B3 /* Resources */ = {
			isa = PBXResourcesBuildPhase;
			buildActionMask = 2147483647;
			files = (
				63BBEC9919967A2300F6E2B3 /* Main.storyboard in Resources */,
				63BBEC9B19967A2300F6E2B3 /* Images.xcassets in Resources */,
			);
			runOnlyForDeploymentPostprocessing = 0;
		};
		63BBEC9E19967A2300F6E2B3 /* Resources */ = {
			isa = PBXResourcesBuildPhase;
			buildActionMask = 2147483647;
			files = (
			);
			runOnlyForDeploymentPostprocessing = 0;
		};
/* End PBXResourcesBuildPhase section */

/* Begin PBXSourcesBuildPhase section */
		63BBEC8619967A2300F6E2B3 /* Sources */ = {
			isa = PBXSourcesBuildPhase;
			buildActionMask = 2147483647;
			files = (
				63B44AFC199A66AB00AE7B62 /* UIColor_Serialization.swift in Sources */,
				636CEA24199E586400BEBF53 /* DrawingInputController.swift in Sources */,
				636CEA29199F251200BEBF53 /* Match.swift in Sources */,
				6350C5EC19A24790008CE4F5 /* RootViewController.swift in Sources */,
				638576F019A65B4500581DE8 /* Geometry.swift in Sources */,
				63BBEC9019967A2300F6E2B3 /* AppDelegate.swift in Sources */,
				63BBECBC19967B0C00F6E2B3 /* Stroke.swift in Sources */,
				63EBB83B19A78BAA003C3EC2 /* MatchShieldView.swift in Sources */,
				63FDE7321998249A0006B7E4 /* Result.swift in Sources */,
				63B7B70D19A4EB1A00F280AB /* DrawingToolSelector.swift in Sources */,
				638576EC19A6481500581DE8 /* Themes.swift in Sources */,
				6350C5EA19A1727B008CE4F5 /* MatchViewController.swift in Sources */,
				63BBECB619967ACC00F6E2B3 /* Drawing.swift in Sources */,
				636CEA2B199F25F000BEBF53 /* MatchView.swift in Sources */,
			);
			runOnlyForDeploymentPostprocessing = 0;
		};
		63BBEC9C19967A2300F6E2B3 /* Sources */ = {
			isa = PBXSourcesBuildPhase;
			buildActionMask = 2147483647;
			files = (
				63EBB83819A65C45003C3EC2 /* Geometry.swift in Sources */,
				63B44AFD199A66B400AE7B62 /* UIColor_Serialization.swift in Sources */,
				63B44AF519990DA100AE7B62 /* Stroke.swift in Sources */,
				63B44AF619990DA100AE7B62 /* Drawing.swift in Sources */,
				63B44AF719990DA100AE7B62 /* Result.swift in Sources */,
				63BBECA719967A2300F6E2B3 /* SquizitTests.swift in Sources */,
			);
			runOnlyForDeploymentPostprocessing = 0;
		};
/* End PBXSourcesBuildPhase section */

/* Begin PBXTargetDependency section */
		63BBECA219967A2300F6E2B3 /* PBXTargetDependency */ = {
			isa = PBXTargetDependency;
			target = 63BBEC8919967A2300F6E2B3 /* Squizit */;
			targetProxy = 63BBECA119967A2300F6E2B3 /* PBXContainerItemProxy */;
		};
		63BBECD21996F8A800F6E2B3 /* PBXTargetDependency */ = {
			isa = PBXTargetDependency;
			name = Lilliput;
			targetProxy = 63BBECD11996F8A800F6E2B3 /* PBXContainerItemProxy */;
		};
/* End PBXTargetDependency section */

/* Begin PBXVariantGroup section */
		63BBEC9719967A2300F6E2B3 /* Main.storyboard */ = {
			isa = PBXVariantGroup;
			children = (
				63BBEC9819967A2300F6E2B3 /* Base */,
			);
			name = Main.storyboard;
			sourceTree = "<group>";
		};
/* End PBXVariantGroup section */

/* Begin XCBuildConfiguration section */
		63BBECA819967A2300F6E2B3 /* Debug */ = {
			isa = XCBuildConfiguration;
			buildSettings = {
				ALWAYS_SEARCH_USER_PATHS = NO;
				CLANG_CXX_LANGUAGE_STANDARD = "gnu++0x";
				CLANG_CXX_LIBRARY = "libc++";
				CLANG_ENABLE_MODULES = YES;
				CLANG_ENABLE_OBJC_ARC = YES;
				CLANG_WARN_BOOL_CONVERSION = YES;
				CLANG_WARN_CONSTANT_CONVERSION = YES;
				CLANG_WARN_DIRECT_OBJC_ISA_USAGE = YES_ERROR;
				CLANG_WARN_EMPTY_BODY = YES;
				CLANG_WARN_ENUM_CONVERSION = YES;
				CLANG_WARN_INT_CONVERSION = YES;
				CLANG_WARN_OBJC_ROOT_CLASS = YES_ERROR;
				CLANG_WARN_UNREACHABLE_CODE = YES;
				CLANG_WARN__DUPLICATE_METHOD_MATCH = YES;
				"CODE_SIGN_IDENTITY[sdk=iphoneos*]" = "iPhone Developer";
				COPY_PHASE_STRIP = NO;
				ENABLE_STRICT_OBJC_MSGSEND = YES;
				GCC_C_LANGUAGE_STANDARD = gnu99;
				GCC_DYNAMIC_NO_PIC = NO;
				GCC_OPTIMIZATION_LEVEL = 0;
				GCC_PREPROCESSOR_DEFINITIONS = (
					"DEBUG=1",
					"$(inherited)",
				);
				GCC_SYMBOLS_PRIVATE_EXTERN = NO;
				GCC_WARN_64_TO_32_BIT_CONVERSION = YES;
				GCC_WARN_ABOUT_RETURN_TYPE = YES_ERROR;
				GCC_WARN_UNDECLARED_SELECTOR = YES;
				GCC_WARN_UNINITIALIZED_AUTOS = YES_AGGRESSIVE;
				GCC_WARN_UNUSED_FUNCTION = YES;
				GCC_WARN_UNUSED_VARIABLE = YES;
				IPHONEOS_DEPLOYMENT_TARGET = 8.0;
				MTL_ENABLE_DEBUG_INFO = YES;
				ONLY_ACTIVE_ARCH = YES;
				SDKROOT = iphoneos;
				SWIFT_OPTIMIZATION_LEVEL = "-Onone";
				TARGETED_DEVICE_FAMILY = 2;
			};
			name = Debug;
		};
		63BBECA919967A2300F6E2B3 /* Release */ = {
			isa = XCBuildConfiguration;
			buildSettings = {
				ALWAYS_SEARCH_USER_PATHS = NO;
				CLANG_CXX_LANGUAGE_STANDARD = "gnu++0x";
				CLANG_CXX_LIBRARY = "libc++";
				CLANG_ENABLE_MODULES = YES;
				CLANG_ENABLE_OBJC_ARC = YES;
				CLANG_WARN_BOOL_CONVERSION = YES;
				CLANG_WARN_CONSTANT_CONVERSION = YES;
				CLANG_WARN_DIRECT_OBJC_ISA_USAGE = YES_ERROR;
				CLANG_WARN_EMPTY_BODY = YES;
				CLANG_WARN_ENUM_CONVERSION = YES;
				CLANG_WARN_INT_CONVERSION = YES;
				CLANG_WARN_OBJC_ROOT_CLASS = YES_ERROR;
				CLANG_WARN_UNREACHABLE_CODE = YES;
				CLANG_WARN__DUPLICATE_METHOD_MATCH = YES;
				"CODE_SIGN_IDENTITY[sdk=iphoneos*]" = "iPhone Developer";
				COPY_PHASE_STRIP = YES;
				ENABLE_NS_ASSERTIONS = NO;
				ENABLE_STRICT_OBJC_MSGSEND = YES;
				GCC_C_LANGUAGE_STANDARD = gnu99;
				GCC_WARN_64_TO_32_BIT_CONVERSION = YES;
				GCC_WARN_ABOUT_RETURN_TYPE = YES_ERROR;
				GCC_WARN_UNDECLARED_SELECTOR = YES;
				GCC_WARN_UNINITIALIZED_AUTOS = YES_AGGRESSIVE;
				GCC_WARN_UNUSED_FUNCTION = YES;
				GCC_WARN_UNUSED_VARIABLE = YES;
				IPHONEOS_DEPLOYMENT_TARGET = 8.0;
				MTL_ENABLE_DEBUG_INFO = NO;
				SDKROOT = iphoneos;
				TARGETED_DEVICE_FAMILY = 2;
				VALIDATE_PRODUCT = YES;
			};
			name = Release;
		};
		63BBECAB19967A2300F6E2B3 /* Debug */ = {
			isa = XCBuildConfiguration;
			buildSettings = {
				ASSETCATALOG_COMPILER_APPICON_NAME = AppIcon;
				ASSETCATALOG_COMPILER_LAUNCHIMAGE_NAME = LaunchImage;
				CODE_SIGN_IDENTITY = "iPhone Developer";
				INFOPLIST_FILE = Squizit/Info.plist;
				LD_RUNPATH_SEARCH_PATHS = "$(inherited) @executable_path/Frameworks";
				PRODUCT_NAME = "$(TARGET_NAME)";
			};
			name = Debug;
		};
		63BBECAC19967A2300F6E2B3 /* Release */ = {
			isa = XCBuildConfiguration;
			buildSettings = {
				ASSETCATALOG_COMPILER_APPICON_NAME = AppIcon;
				ASSETCATALOG_COMPILER_LAUNCHIMAGE_NAME = LaunchImage;
				CODE_SIGN_IDENTITY = "iPhone Developer";
				INFOPLIST_FILE = Squizit/Info.plist;
				LD_RUNPATH_SEARCH_PATHS = "$(inherited) @executable_path/Frameworks";
				PRODUCT_NAME = "$(TARGET_NAME)";
			};
			name = Release;
		};
		63BBECAE19967A2300F6E2B3 /* Debug */ = {
			isa = XCBuildConfiguration;
			buildSettings = {
				BUNDLE_LOADER = "$(TEST_HOST)";
				FRAMEWORK_SEARCH_PATHS = (
					"$(SDKROOT)/Developer/Library/Frameworks",
					"$(inherited)",
				);
				GCC_PREPROCESSOR_DEFINITIONS = (
					"DEBUG=1",
					"$(inherited)",
				);
				INFOPLIST_FILE = SquizitTests/Info.plist;
				LD_RUNPATH_SEARCH_PATHS = "$(inherited) @executable_path/Frameworks @loader_path/Frameworks";
				PRODUCT_NAME = "$(TARGET_NAME)";
				TEST_HOST = "$(BUILT_PRODUCTS_DIR)/Squizit.app/Squizit";
			};
			name = Debug;
		};
		63BBECAF19967A2300F6E2B3 /* Release */ = {
			isa = XCBuildConfiguration;
			buildSettings = {
				BUNDLE_LOADER = "$(TEST_HOST)";
				FRAMEWORK_SEARCH_PATHS = (
					"$(SDKROOT)/Developer/Library/Frameworks",
					"$(inherited)",
				);
				INFOPLIST_FILE = SquizitTests/Info.plist;
				LD_RUNPATH_SEARCH_PATHS = "$(inherited) @executable_path/Frameworks @loader_path/Frameworks";
				PRODUCT_NAME = "$(TARGET_NAME)";
				TEST_HOST = "$(BUILT_PRODUCTS_DIR)/Squizit.app/Squizit";
			};
			name = Release;
		};
/* End XCBuildConfiguration section */

/* Begin XCConfigurationList section */
		63BBEC8519967A2300F6E2B3 /* Build configuration list for PBXProject "Squizit" */ = {
			isa = XCConfigurationList;
			buildConfigurations = (
				63BBECA819967A2300F6E2B3 /* Debug */,
				63BBECA919967A2300F6E2B3 /* Release */,
			);
			defaultConfigurationIsVisible = 0;
			defaultConfigurationName = Release;
		};
		63BBECAA19967A2300F6E2B3 /* Build configuration list for PBXNativeTarget "Squizit" */ = {
			isa = XCConfigurationList;
			buildConfigurations = (
				63BBECAB19967A2300F6E2B3 /* Debug */,
				63BBECAC19967A2300F6E2B3 /* Release */,
			);
			defaultConfigurationIsVisible = 0;
			defaultConfigurationName = Release;
		};
		63BBECAD19967A2300F6E2B3 /* Build configuration list for PBXNativeTarget "SquizitTests" */ = {
			isa = XCConfigurationList;
			buildConfigurations = (
				63BBECAE19967A2300F6E2B3 /* Debug */,
				63BBECAF19967A2300F6E2B3 /* Release */,
			);
			defaultConfigurationIsVisible = 0;
			defaultConfigurationName = Release;
		};
/* End XCConfigurationList section */
	};
	rootObject = 63BBEC8219967A2300F6E2B3 /* Project object */;
}
