// !$*UTF8*$!
{
	archiveVersion = 1;
	classes = {
	};
	objectVersion = 46;
	objects = {

/* Begin PBXBuildFile section */
		63267AD319CC7CE800B22242 /* FullscreenModalTransitionManager.swift in Sources */ = {isa = PBXBuildFile; fileRef = 63267AD219CC7CE700B22242 /* FullscreenModalTransitionManager.swift */; };
		6327299819C3403F003BCD76 /* ImagePresenterView.swift in Sources */ = {isa = PBXBuildFile; fileRef = 6327299719C3403F003BCD76 /* ImagePresenterView.swift */; };
		6329ED311B305D000000B19A /* Launch Screen.xib in Resources */ = {isa = PBXBuildFile; fileRef = 6329ED301B305D000000B19A /* Launch Screen.xib */; };
		6350C5EA19A1727B008CE4F5 /* MatchViewController.swift in Sources */ = {isa = PBXBuildFile; fileRef = 6350C5E919A1727B008CE4F5 /* MatchViewController.swift */; };
		63533B1019BCCD6C00ED8B7A /* GameControlButton.swift in Sources */ = {isa = PBXBuildFile; fileRef = 63533B0F19BCCD6C00ED8B7A /* GameControlButton.swift */; };
		63533B1319BE033A00ED8B7A /* DrawingTestsViewController.swift in Sources */ = {isa = PBXBuildFile; fileRef = 63533B1219BE033A00ED8B7A /* DrawingTestsViewController.swift */; };
		635DFA8119B76B6900102B6A /* Appearance.m in Sources */ = {isa = PBXBuildFile; fileRef = 635DFA8019B76B6900102B6A /* Appearance.m */; };
		635DFA8319BA025600102B6A /* GalleryDetailViewController.swift in Sources */ = {isa = PBXBuildFile; fileRef = 635DFA8219BA025600102B6A /* GalleryDetailViewController.swift */; };
		635DFA8519BA033B00102B6A /* BasicGalleryCollectionViewDataSource.swift in Sources */ = {isa = PBXBuildFile; fileRef = 635DFA8419BA033B00102B6A /* BasicGalleryCollectionViewDataSource.swift */; };
		635F86DE1A66CBA800A67981 /* GameKit.framework in Frameworks */ = {isa = PBXBuildFile; fileRef = 635F86DD1A66CBA800A67981 /* GameKit.framework */; };
		635F86E11A66CC1300A67981 /* TurnBasedMatchHelper.swift in Sources */ = {isa = PBXBuildFile; fileRef = 635F86E01A66CC1300A67981 /* TurnBasedMatchHelper.swift */; };
		636BFA9719B3DDD100A90A75 /* GCD.swift in Sources */ = {isa = PBXBuildFile; fileRef = 636BFA9619B3DDD100A90A75 /* GCD.swift */; };
		636CEA24199E586400BEBF53 /* DrawingInputController.swift in Sources */ = {isa = PBXBuildFile; fileRef = 636CEA23199E586400BEBF53 /* DrawingInputController.swift */; };
		636CEA29199F251200BEBF53 /* Match.swift in Sources */ = {isa = PBXBuildFile; fileRef = 636CEA28199F251200BEBF53 /* Match.swift */; };
		636CEA2B199F25F000BEBF53 /* MatchView.swift in Sources */ = {isa = PBXBuildFile; fileRef = 636CEA2A199F25F000BEBF53 /* MatchView.swift */; };
		6376756119F00F9F00AAB604 /* BinaryCoding.swift in Sources */ = {isa = PBXBuildFile; fileRef = 6376756019F00F9F00AAB604 /* BinaryCoding.swift */; };
		6376756219F00F9F00AAB604 /* BinaryCoding.swift in Sources */ = {isa = PBXBuildFile; fileRef = 6376756019F00F9F00AAB604 /* BinaryCoding.swift */; };
		638576EC19A6481500581DE8 /* SquizitTheme.swift in Sources */ = {isa = PBXBuildFile; fileRef = 638576EB19A6481500581DE8 /* SquizitTheme.swift */; };
		638576F019A65B4500581DE8 /* Geometry.swift in Sources */ = {isa = PBXBuildFile; fileRef = 638576EF19A65B4500581DE8 /* Geometry.swift */; };
		638E459219C88EEC008D8CD9 /* RootBorderView.swift in Sources */ = {isa = PBXBuildFile; fileRef = 638E459119C88EEC008D8CD9 /* RootBorderView.swift */; };
		63A4B7ED19D46C9700975048 /* Images.xcassets in Sources */ = {isa = PBXBuildFile; fileRef = 63BBEC9A19967A2300F6E2B3 /* Images.xcassets */; };
		63A4B7F319D5C03400975048 /* SaveToGalleryTransitionManager.swift in Sources */ = {isa = PBXBuildFile; fileRef = 63A4B7F219D5C03400975048 /* SaveToGalleryTransitionManager.swift */; };
		63B44AF519990DA100AE7B62 /* Stroke.swift in Sources */ = {isa = PBXBuildFile; fileRef = 63BBECBB19967B0C00F6E2B3 /* Stroke.swift */; };
		63B44AF619990DA100AE7B62 /* Drawing.swift in Sources */ = {isa = PBXBuildFile; fileRef = 63BBECB519967ACC00F6E2B3 /* Drawing.swift */; };
		63B44AF719990DA100AE7B62 /* Result.swift in Sources */ = {isa = PBXBuildFile; fileRef = 63FDE7311998249A0006B7E4 /* Result.swift */; };
		63B44AFC199A66AB00AE7B62 /* UIColor_Serialization.swift in Sources */ = {isa = PBXBuildFile; fileRef = 63B44AFA199A5DFD00AE7B62 /* UIColor_Serialization.swift */; };
		63B44AFD199A66B400AE7B62 /* UIColor_Serialization.swift in Sources */ = {isa = PBXBuildFile; fileRef = 63B44AFA199A5DFD00AE7B62 /* UIColor_Serialization.swift */; };
		63B5252519D73F5D00BB550F /* ShareToTwitter.m in Sources */ = {isa = PBXBuildFile; fileRef = 63B5252419D73F5D00BB550F /* ShareToTwitter.m */; };
		63B7B70D19A4EB1A00F280AB /* DrawingToolSelector.swift in Sources */ = {isa = PBXBuildFile; fileRef = 63B7B70C19A4EB1A00F280AB /* DrawingToolSelector.swift */; };
		63BBEC9019967A2300F6E2B3 /* AppDelegate.swift in Sources */ = {isa = PBXBuildFile; fileRef = 63BBEC8F19967A2300F6E2B3 /* AppDelegate.swift */; };
		63BBEC9919967A2300F6E2B3 /* Main.storyboard in Resources */ = {isa = PBXBuildFile; fileRef = 63BBEC9719967A2300F6E2B3 /* Main.storyboard */; };
		63BBEC9B19967A2300F6E2B3 /* Images.xcassets in Resources */ = {isa = PBXBuildFile; fileRef = 63BBEC9A19967A2300F6E2B3 /* Images.xcassets */; };
		63BBECA719967A2300F6E2B3 /* SquizitTests.swift in Sources */ = {isa = PBXBuildFile; fileRef = 63BBECA619967A2300F6E2B3 /* SquizitTests.swift */; };
		63BBECB619967ACC00F6E2B3 /* Drawing.swift in Sources */ = {isa = PBXBuildFile; fileRef = 63BBECB519967ACC00F6E2B3 /* Drawing.swift */; };
		63BBECBC19967B0C00F6E2B3 /* Stroke.swift in Sources */ = {isa = PBXBuildFile; fileRef = 63BBECBB19967B0C00F6E2B3 /* Stroke.swift */; };
		63BC820419E441290047D414 /* HowToPlayViewController.swift in Sources */ = {isa = PBXBuildFile; fileRef = 63BC820319E441290047D414 /* HowToPlayViewController.swift */; };
		63EBB83819A65C45003C3EC2 /* Geometry.swift in Sources */ = {isa = PBXBuildFile; fileRef = 638576EF19A65B4500581DE8 /* Geometry.swift */; };
		63EBB83B19A78BAA003C3EC2 /* MatchShieldView.swift in Sources */ = {isa = PBXBuildFile; fileRef = 63EBB83A19A78BAA003C3EC2 /* MatchShieldView.swift */; };
		63EBB84119ACD26F003C3EC2 /* SaveToGalleryViewController.swift in Sources */ = {isa = PBXBuildFile; fileRef = 63EBB84019ACD26F003C3EC2 /* SaveToGalleryViewController.swift */; };
		63EBB87319AEC0DD003C3EC2 /* GalleryStore.swift in Sources */ = {isa = PBXBuildFile; fileRef = 63EBB87219AEC0DD003C3EC2 /* GalleryStore.swift */; };
		63EBB87619AEC2C7003C3EC2 /* GalleryStore.xcdatamodeld in Sources */ = {isa = PBXBuildFile; fileRef = 63EBB87419AEC2C7003C3EC2 /* GalleryStore.xcdatamodeld */; };
		63EBB87D19AEC49C003C3EC2 /* GalleryStoreEntities.m in Sources */ = {isa = PBXBuildFile; fileRef = 63EBB87C19AEC49C003C3EC2 /* GalleryStoreEntities.m */; };
		63EBB88119AF79BB003C3EC2 /* UIImage_sizing.swift in Sources */ = {isa = PBXBuildFile; fileRef = 63EBB88019AF79BB003C3EC2 /* UIImage_sizing.swift */; };
		63EBB88319B0CBE6003C3EC2 /* GalleryViewController.swift in Sources */ = {isa = PBXBuildFile; fileRef = 63EBB88219B0CBE6003C3EC2 /* GalleryViewController.swift */; };
		63EFB1AD19D06C8100253560 /* CancelableAction.swift in Sources */ = {isa = PBXBuildFile; fileRef = 63EFB1AC19D06C8100253560 /* CancelableAction.swift */; };
		63FAAC3C1B3F48B100B9C5CC /* UIImage_Alpha.swift in Sources */ = {isa = PBXBuildFile; fileRef = 63FAAC3B1B3F48B100B9C5CC /* UIImage_Alpha.swift */; };
		63FAAC3E1B42E2D200B9C5CC /* RootViewController.swift in Sources */ = {isa = PBXBuildFile; fileRef = 63FAAC3D1B42E2D200B9C5CC /* RootViewController.swift */; };
		63FDE7321998249A0006B7E4 /* Result.swift in Sources */ = {isa = PBXBuildFile; fileRef = 63FDE7311998249A0006B7E4 /* Result.swift */; };
/* End PBXBuildFile section */

/* Begin PBXContainerItemProxy section */
		63BBECA119967A2300F6E2B3 /* PBXContainerItemProxy */ = {
			isa = PBXContainerItemProxy;
			containerPortal = 63BBEC8219967A2300F6E2B3 /* Project object */;
			proxyType = 1;
			remoteGlobalIDString = 63BBEC8919967A2300F6E2B3;
			remoteInfo = Squizit;
		};
/* End PBXContainerItemProxy section */

/* Begin PBXFileReference section */
		63267AD219CC7CE700B22242 /* FullscreenModalTransitionManager.swift */ = {isa = PBXFileReference; fileEncoding = 4; lastKnownFileType = sourcecode.swift; path = FullscreenModalTransitionManager.swift; sourceTree = "<group>"; };
		6327299719C3403F003BCD76 /* ImagePresenterView.swift */ = {isa = PBXFileReference; fileEncoding = 4; lastKnownFileType = sourcecode.swift; path = ImagePresenterView.swift; sourceTree = "<group>"; };
		6329ED301B305D000000B19A /* Launch Screen.xib */ = {isa = PBXFileReference; fileEncoding = 4; lastKnownFileType = file.xib; path = "Launch Screen.xib"; sourceTree = "<group>"; };
		6350C5E919A1727B008CE4F5 /* MatchViewController.swift */ = {isa = PBXFileReference; fileEncoding = 4; lastKnownFileType = sourcecode.swift; path = MatchViewController.swift; sourceTree = "<group>"; };
		63533B0F19BCCD6C00ED8B7A /* GameControlButton.swift */ = {isa = PBXFileReference; fileEncoding = 4; lastKnownFileType = sourcecode.swift; path = GameControlButton.swift; sourceTree = "<group>"; };
		63533B1219BE033A00ED8B7A /* DrawingTestsViewController.swift */ = {isa = PBXFileReference; fileEncoding = 4; lastKnownFileType = sourcecode.swift; path = DrawingTestsViewController.swift; sourceTree = "<group>"; };
		635DFA7F19B76B5900102B6A /* Appearance.h */ = {isa = PBXFileReference; lastKnownFileType = sourcecode.c.h; path = Appearance.h; sourceTree = "<group>"; };
		635DFA8019B76B6900102B6A /* Appearance.m */ = {isa = PBXFileReference; fileEncoding = 4; lastKnownFileType = sourcecode.c.objc; path = Appearance.m; sourceTree = "<group>"; };
		635DFA8219BA025600102B6A /* GalleryDetailViewController.swift */ = {isa = PBXFileReference; fileEncoding = 4; lastKnownFileType = sourcecode.swift; path = GalleryDetailViewController.swift; sourceTree = "<group>"; };
		635DFA8419BA033B00102B6A /* BasicGalleryCollectionViewDataSource.swift */ = {isa = PBXFileReference; fileEncoding = 4; lastKnownFileType = sourcecode.swift; path = BasicGalleryCollectionViewDataSource.swift; sourceTree = "<group>"; };
		635F86DD1A66CBA800A67981 /* GameKit.framework */ = {isa = PBXFileReference; lastKnownFileType = wrapper.framework; name = GameKit.framework; path = System/Library/Frameworks/GameKit.framework; sourceTree = SDKROOT; };
		635F86E01A66CC1300A67981 /* TurnBasedMatchHelper.swift */ = {isa = PBXFileReference; fileEncoding = 4; lastKnownFileType = sourcecode.swift; path = TurnBasedMatchHelper.swift; sourceTree = "<group>"; };
		636BFA9619B3DDD100A90A75 /* GCD.swift */ = {isa = PBXFileReference; fileEncoding = 4; lastKnownFileType = sourcecode.swift; path = GCD.swift; sourceTree = "<group>"; };
		636CEA23199E586400BEBF53 /* DrawingInputController.swift */ = {isa = PBXFileReference; fileEncoding = 4; lastKnownFileType = sourcecode.swift; path = DrawingInputController.swift; sourceTree = "<group>"; };
		636CEA28199F251200BEBF53 /* Match.swift */ = {isa = PBXFileReference; fileEncoding = 4; lastKnownFileType = sourcecode.swift; path = Match.swift; sourceTree = "<group>"; };
		636CEA2A199F25F000BEBF53 /* MatchView.swift */ = {isa = PBXFileReference; fileEncoding = 4; lastKnownFileType = sourcecode.swift; path = MatchView.swift; sourceTree = "<group>"; };
		6376756019F00F9F00AAB604 /* BinaryCoding.swift */ = {isa = PBXFileReference; fileEncoding = 4; lastKnownFileType = sourcecode.swift; path = BinaryCoding.swift; sourceTree = "<group>"; };
		638576EB19A6481500581DE8 /* SquizitTheme.swift */ = {isa = PBXFileReference; fileEncoding = 4; lastKnownFileType = sourcecode.swift; path = SquizitTheme.swift; sourceTree = "<group>"; };
		638576EF19A65B4500581DE8 /* Geometry.swift */ = {isa = PBXFileReference; fileEncoding = 4; lastKnownFileType = sourcecode.swift; path = Geometry.swift; sourceTree = "<group>"; };
		638E459119C88EEC008D8CD9 /* RootBorderView.swift */ = {isa = PBXFileReference; fileEncoding = 4; lastKnownFileType = sourcecode.swift; path = RootBorderView.swift; sourceTree = "<group>"; };
		63A4B7F219D5C03400975048 /* SaveToGalleryTransitionManager.swift */ = {isa = PBXFileReference; fileEncoding = 4; lastKnownFileType = sourcecode.swift; path = SaveToGalleryTransitionManager.swift; sourceTree = "<group>"; };
		63B44AFA199A5DFD00AE7B62 /* UIColor_Serialization.swift */ = {isa = PBXFileReference; fileEncoding = 4; lastKnownFileType = sourcecode.swift; path = UIColor_Serialization.swift; sourceTree = "<group>"; };
		63B5252219D73F0E00BB550F /* ShareToTwitter.h */ = {isa = PBXFileReference; lastKnownFileType = sourcecode.c.h; path = ShareToTwitter.h; sourceTree = "<group>"; };
		63B5252419D73F5D00BB550F /* ShareToTwitter.m */ = {isa = PBXFileReference; fileEncoding = 4; lastKnownFileType = sourcecode.c.objc; path = ShareToTwitter.m; sourceTree = "<group>"; };
		63B7B70C19A4EB1A00F280AB /* DrawingToolSelector.swift */ = {isa = PBXFileReference; fileEncoding = 4; lastKnownFileType = sourcecode.swift; path = DrawingToolSelector.swift; sourceTree = "<group>"; };
		63BBEC8A19967A2300F6E2B3 /* Squizit.app */ = {isa = PBXFileReference; explicitFileType = wrapper.application; includeInIndex = 0; path = Squizit.app; sourceTree = BUILT_PRODUCTS_DIR; };
		63BBEC8E19967A2300F6E2B3 /* Info.plist */ = {isa = PBXFileReference; lastKnownFileType = text.plist.xml; path = Info.plist; sourceTree = "<group>"; };
		63BBEC8F19967A2300F6E2B3 /* AppDelegate.swift */ = {isa = PBXFileReference; lastKnownFileType = sourcecode.swift; path = AppDelegate.swift; sourceTree = "<group>"; };
		63BBEC9819967A2300F6E2B3 /* Base */ = {isa = PBXFileReference; lastKnownFileType = file.storyboard; name = Base; path = Base.lproj/Main.storyboard; sourceTree = "<group>"; };
		63BBEC9A19967A2300F6E2B3 /* Images.xcassets */ = {isa = PBXFileReference; lastKnownFileType = folder.assetcatalog; path = Images.xcassets; sourceTree = "<group>"; };
		63BBECA019967A2300F6E2B3 /* SquizitTests.xctest */ = {isa = PBXFileReference; explicitFileType = wrapper.cfbundle; includeInIndex = 0; path = SquizitTests.xctest; sourceTree = BUILT_PRODUCTS_DIR; };
		63BBECA519967A2300F6E2B3 /* Info.plist */ = {isa = PBXFileReference; lastKnownFileType = text.plist.xml; path = Info.plist; sourceTree = "<group>"; };
		63BBECA619967A2300F6E2B3 /* SquizitTests.swift */ = {isa = PBXFileReference; lastKnownFileType = sourcecode.swift; path = SquizitTests.swift; sourceTree = "<group>"; };
		63BBECB519967ACC00F6E2B3 /* Drawing.swift */ = {isa = PBXFileReference; fileEncoding = 4; lastKnownFileType = sourcecode.swift; path = Drawing.swift; sourceTree = "<group>"; };
		63BBECBB19967B0C00F6E2B3 /* Stroke.swift */ = {isa = PBXFileReference; fileEncoding = 4; lastKnownFileType = sourcecode.swift; path = Stroke.swift; sourceTree = "<group>"; };
		63BC820319E441290047D414 /* HowToPlayViewController.swift */ = {isa = PBXFileReference; fileEncoding = 4; lastKnownFileType = sourcecode.swift; path = HowToPlayViewController.swift; sourceTree = "<group>"; };
		63EBB83A19A78BAA003C3EC2 /* MatchShieldView.swift */ = {isa = PBXFileReference; fileEncoding = 4; lastKnownFileType = sourcecode.swift; path = MatchShieldView.swift; sourceTree = "<group>"; };
		63EBB83E19AB821D003C3EC2 /* Notes.md */ = {isa = PBXFileReference; fileEncoding = 4; lastKnownFileType = net.daringfireball.markdown; path = Notes.md; sourceTree = "<group>"; };
		63EBB84019ACD26F003C3EC2 /* SaveToGalleryViewController.swift */ = {isa = PBXFileReference; fileEncoding = 4; lastKnownFileType = sourcecode.swift; path = SaveToGalleryViewController.swift; sourceTree = "<group>"; };
		63EBB87219AEC0DD003C3EC2 /* GalleryStore.swift */ = {isa = PBXFileReference; fileEncoding = 4; lastKnownFileType = sourcecode.swift; path = GalleryStore.swift; sourceTree = "<group>"; };
		63EBB87519AEC2C7003C3EC2 /* GalleryStore.xcdatamodel */ = {isa = PBXFileReference; lastKnownFileType = wrapper.xcdatamodel; path = GalleryStore.xcdatamodel; sourceTree = "<group>"; };
		63EBB87719AEC49A003C3EC2 /* Squizit-Bridging-Header.h */ = {isa = PBXFileReference; lastKnownFileType = sourcecode.c.h; name = "Squizit-Bridging-Header.h"; path = "Models/Squizit-Bridging-Header.h"; sourceTree = "<group>"; };
		63EBB87B19AEC49C003C3EC2 /* GalleryStoreEntities.h */ = {isa = PBXFileReference; fileEncoding = 4; lastKnownFileType = sourcecode.c.h; path = GalleryStoreEntities.h; sourceTree = "<group>"; };
		63EBB87C19AEC49C003C3EC2 /* GalleryStoreEntities.m */ = {isa = PBXFileReference; fileEncoding = 4; lastKnownFileType = sourcecode.c.objc; path = GalleryStoreEntities.m; sourceTree = "<group>"; };
		63EBB88019AF79BB003C3EC2 /* UIImage_sizing.swift */ = {isa = PBXFileReference; fileEncoding = 4; lastKnownFileType = sourcecode.swift; path = UIImage_sizing.swift; sourceTree = "<group>"; };
		63EBB88219B0CBE6003C3EC2 /* GalleryViewController.swift */ = {isa = PBXFileReference; fileEncoding = 4; lastKnownFileType = sourcecode.swift; path = GalleryViewController.swift; sourceTree = "<group>"; };
		63EFB1AC19D06C8100253560 /* CancelableAction.swift */ = {isa = PBXFileReference; fileEncoding = 4; lastKnownFileType = sourcecode.swift; path = CancelableAction.swift; sourceTree = "<group>"; };
		63FAAC3B1B3F48B100B9C5CC /* UIImage_Alpha.swift */ = {isa = PBXFileReference; fileEncoding = 4; lastKnownFileType = sourcecode.swift; path = UIImage_Alpha.swift; sourceTree = "<group>"; };
		63FAAC3D1B42E2D200B9C5CC /* RootViewController.swift */ = {isa = PBXFileReference; fileEncoding = 4; lastKnownFileType = sourcecode.swift; path = RootViewController.swift; sourceTree = "<group>"; };
		63FDE7311998249A0006B7E4 /* Result.swift */ = {isa = PBXFileReference; fileEncoding = 4; lastKnownFileType = sourcecode.swift; path = Result.swift; sourceTree = "<group>"; };
/* End PBXFileReference section */

/* Begin PBXFrameworksBuildPhase section */
		63BBEC8719967A2300F6E2B3 /* Frameworks */ = {
			isa = PBXFrameworksBuildPhase;
			buildActionMask = 2147483647;
			files = (
				635F86DE1A66CBA800A67981 /* GameKit.framework in Frameworks */,
			);
			runOnlyForDeploymentPostprocessing = 0;
		};
		63BBEC9D19967A2300F6E2B3 /* Frameworks */ = {
			isa = PBXFrameworksBuildPhase;
			buildActionMask = 2147483647;
			files = (
			);
			runOnlyForDeploymentPostprocessing = 0;
		};
/* End PBXFrameworksBuildPhase section */

/* Begin PBXGroup section */
		63267AD019CC7CCB00B22242 /* Transitions */ = {
			isa = PBXGroup;
			children = (
				63267AD219CC7CE700B22242 /* FullscreenModalTransitionManager.swift */,
				63A4B7F219D5C03400975048 /* SaveToGalleryTransitionManager.swift */,
			);
			path = Transitions;
			sourceTree = "<group>";
		};
		635F86DF1A66CBDA00A67981 /* GameCenter */ = {
			isa = PBXGroup;
			children = (
				635F86E01A66CC1300A67981 /* TurnBasedMatchHelper.swift */,
			);
			path = GameCenter;
			sourceTree = "<group>";
		};
		638576E919A6480600581DE8 /* Theme */ = {
			isa = PBXGroup;
			children = (
				638576EB19A6481500581DE8 /* SquizitTheme.swift */,
				635DFA7F19B76B5900102B6A /* Appearance.h */,
				635DFA8019B76B6900102B6A /* Appearance.m */,
			);
			path = Theme;
			sourceTree = "<group>";
		};
		63B44AF9199A5DEE00AE7B62 /* Extensions */ = {
			isa = PBXGroup;
			children = (
				63B44AFA199A5DFD00AE7B62 /* UIColor_Serialization.swift */,
				63EBB88019AF79BB003C3EC2 /* UIImage_sizing.swift */,
				636BFA9619B3DDD100A90A75 /* GCD.swift */,
				63FAAC3B1B3F48B100B9C5CC /* UIImage_Alpha.swift */,
			);
			path = Extensions;
			sourceTree = "<group>";
		};
		63BBEC8119967A2300F6E2B3 = {
			isa = PBXGroup;
			children = (
				635F86DD1A66CBA800A67981 /* GameKit.framework */,
				63BBEC8C19967A2300F6E2B3 /* Squizit */,
				63BBECA319967A2300F6E2B3 /* SquizitTests */,
				63BBEC8B19967A2300F6E2B3 /* Products */,
			);
			sourceTree = "<group>";
		};
		63BBEC8B19967A2300F6E2B3 /* Products */ = {
			isa = PBXGroup;
			children = (
				63BBEC8A19967A2300F6E2B3 /* Squizit.app */,
				63BBECA019967A2300F6E2B3 /* SquizitTests.xctest */,
			);
			name = Products;
			sourceTree = "<group>";
		};
		63BBEC8C19967A2300F6E2B3 /* Squizit */ = {
			isa = PBXGroup;
			children = (
				63B44AF9199A5DEE00AE7B62 /* Extensions */,
				635F86DF1A66CBDA00A67981 /* GameCenter */,
				63BBECB019967A9900F6E2B3 /* Models */,
				638576E919A6480600581DE8 /* Theme */,
				63267AD019CC7CCB00B22242 /* Transitions */,
				63EFB1AA19D06C7100253560 /* Util */,
				63BBECB119967A9900F6E2B3 /* ViewControllers */,
				63BBECB219967A9900F6E2B3 /* Views */,
				63BBEC8F19967A2300F6E2B3 /* AppDelegate.swift */,
				63EBB87719AEC49A003C3EC2 /* Squizit-Bridging-Header.h */,
				63BBEC9719967A2300F6E2B3 /* Main.storyboard */,
				63BBEC9A19967A2300F6E2B3 /* Images.xcassets */,
				63BBEC8D19967A2300F6E2B3 /* Supporting Files */,
				63EBB83E19AB821D003C3EC2 /* Notes.md */,
				6329ED301B305D000000B19A /* Launch Screen.xib */,
			);
			path = Squizit;
			sourceTree = "<group>";
		};
		63BBEC8D19967A2300F6E2B3 /* Supporting Files */ = {
			isa = PBXGroup;
			children = (
				63BBEC8E19967A2300F6E2B3 /* Info.plist */,
			);
			name = "Supporting Files";
			sourceTree = "<group>";
		};
		63BBECA319967A2300F6E2B3 /* SquizitTests */ = {
			isa = PBXGroup;
			children = (
				63BBECA619967A2300F6E2B3 /* SquizitTests.swift */,
				63BBECA419967A2300F6E2B3 /* Supporting Files */,
			);
			path = SquizitTests;
			sourceTree = "<group>";
		};
		63BBECA419967A2300F6E2B3 /* Supporting Files */ = {
			isa = PBXGroup;
			children = (
				63BBECA519967A2300F6E2B3 /* Info.plist */,
			);
			name = "Supporting Files";
			sourceTree = "<group>";
		};
		63BBECB019967A9900F6E2B3 /* Models */ = {
			isa = PBXGroup;
			children = (
				63BBECBB19967B0C00F6E2B3 /* Stroke.swift */,
				63BBECB519967ACC00F6E2B3 /* Drawing.swift */,
				63FDE7311998249A0006B7E4 /* Result.swift */,
				636CEA23199E586400BEBF53 /* DrawingInputController.swift */,
				636CEA28199F251200BEBF53 /* Match.swift */,
				638576EF19A65B4500581DE8 /* Geometry.swift */,
				63EBB87219AEC0DD003C3EC2 /* GalleryStore.swift */,
				63EBB87419AEC2C7003C3EC2 /* GalleryStore.xcdatamodeld */,
				63EBB87B19AEC49C003C3EC2 /* GalleryStoreEntities.h */,
				63EBB87C19AEC49C003C3EC2 /* GalleryStoreEntities.m */,
			);
			path = Models;
			sourceTree = "<group>";
		};
		63BBECB119967A9900F6E2B3 /* ViewControllers */ = {
			isa = PBXGroup;
			children = (
				635DFA8419BA033B00102B6A /* BasicGalleryCollectionViewDataSource.swift */,
				63533B1219BE033A00ED8B7A /* DrawingTestsViewController.swift */,
				635DFA8219BA025600102B6A /* GalleryDetailViewController.swift */,
				63EBB88219B0CBE6003C3EC2 /* GalleryViewController.swift */,
				63BC820319E441290047D414 /* HowToPlayViewController.swift */,
				6350C5E919A1727B008CE4F5 /* MatchViewController.swift */,
				63FAAC3D1B42E2D200B9C5CC /* RootViewController.swift */,
				63EBB84019ACD26F003C3EC2 /* SaveToGalleryViewController.swift */,
			);
			path = ViewControllers;
			sourceTree = "<group>";
		};
		63BBECB219967A9900F6E2B3 /* Views */ = {
			isa = PBXGroup;
			children = (
				63B7B70C19A4EB1A00F280AB /* DrawingToolSelector.swift */,
				6327299719C3403F003BCD76 /* ImagePresenterView.swift */,
				63EBB83A19A78BAA003C3EC2 /* MatchShieldView.swift */,
				636CEA2A199F25F000BEBF53 /* MatchView.swift */,
				63533B0F19BCCD6C00ED8B7A /* GameControlButton.swift */,
				638E459119C88EEC008D8CD9 /* RootBorderView.swift */,
			);
			path = Views;
			sourceTree = "<group>";
		};
		63EFB1AA19D06C7100253560 /* Util */ = {
			isa = PBXGroup;
			children = (
				63EFB1AC19D06C8100253560 /* CancelableAction.swift */,
				63B5252219D73F0E00BB550F /* ShareToTwitter.h */,
				63B5252419D73F5D00BB550F /* ShareToTwitter.m */,
				6376756019F00F9F00AAB604 /* BinaryCoding.swift */,
			);
			path = Util;
			sourceTree = "<group>";
		};
/* End PBXGroup section */

/* Begin PBXNativeTarget section */
		63BBEC8919967A2300F6E2B3 /* Squizit */ = {
			isa = PBXNativeTarget;
			buildConfigurationList = 63BBECAA19967A2300F6E2B3 /* Build configuration list for PBXNativeTarget "Squizit" */;
			buildPhases = (
				63BBEC8619967A2300F6E2B3 /* Sources */,
				63BBEC8719967A2300F6E2B3 /* Frameworks */,
				63BBEC8819967A2300F6E2B3 /* Resources */,
				6327299119C22891003BCD76 /* ShellScript */,
			);
			buildRules = (
			);
			dependencies = (
			);
			name = Squizit;
			productName = Squizit;
			productReference = 63BBEC8A19967A2300F6E2B3 /* Squizit.app */;
			productType = "com.apple.product-type.application";
		};
		63BBEC9F19967A2300F6E2B3 /* SquizitTests */ = {
			isa = PBXNativeTarget;
			buildConfigurationList = 63BBECAD19967A2300F6E2B3 /* Build configuration list for PBXNativeTarget "SquizitTests" */;
			buildPhases = (
				63BBEC9C19967A2300F6E2B3 /* Sources */,
				63BBEC9D19967A2300F6E2B3 /* Frameworks */,
				63BBEC9E19967A2300F6E2B3 /* Resources */,
			);
			buildRules = (
			);
			dependencies = (
				63BBECA219967A2300F6E2B3 /* PBXTargetDependency */,
			);
			name = SquizitTests;
			productName = SquizitTests;
			productReference = 63BBECA019967A2300F6E2B3 /* SquizitTests.xctest */;
			productType = "com.apple.product-type.bundle.unit-test";
		};
/* End PBXNativeTarget section */

/* Begin PBXProject section */
		63BBEC8219967A2300F6E2B3 /* Project object */ = {
			isa = PBXProject;
			attributes = {
				LastUpgradeCheck = 0600;
				ORGANIZATIONNAME = "Shamyl Zakariya";
				TargetAttributes = {
					63BBEC8919967A2300F6E2B3 = {
						CreatedOnToolsVersion = 6.0;
						DevelopmentTeam = F7D98JTW78;
						SystemCapabilities = {
							com.apple.GameCenter = {
								enabled = 1;
							};
						};
					};
					63BBEC9F19967A2300F6E2B3 = {
						CreatedOnToolsVersion = 6.0;
						TestTargetID = 63BBEC8919967A2300F6E2B3;
					};
				};
			};
			buildConfigurationList = 63BBEC8519967A2300F6E2B3 /* Build configuration list for PBXProject "Squizit" */;
			compatibilityVersion = "Xcode 3.2";
			developmentRegion = English;
			hasScannedForEncodings = 0;
			knownRegions = (
				en,
				Base,
			);
			mainGroup = 63BBEC8119967A2300F6E2B3;
			productRefGroup = 63BBEC8B19967A2300F6E2B3 /* Products */;
			projectDirPath = "";
			projectRoot = "";
			targets = (
				63BBEC8919967A2300F6E2B3 /* Squizit */,
				63BBEC9F19967A2300F6E2B3 /* SquizitTests */,
			);
		};
/* End PBXProject section */

/* Begin PBXResourcesBuildPhase section */
		63BBEC8819967A2300F6E2B3 /* Resources */ = {
			isa = PBXResourcesBuildPhase;
			buildActionMask = 2147483647;
			files = (
				63BBEC9919967A2300F6E2B3 /* Main.storyboard in Resources */,
				63BBEC9B19967A2300F6E2B3 /* Images.xcassets in Resources */,
				6329ED311B305D000000B19A /* Launch Screen.xib in Resources */,
			);
			runOnlyForDeploymentPostprocessing = 0;
		};
		63BBEC9E19967A2300F6E2B3 /* Resources */ = {
			isa = PBXResourcesBuildPhase;
			buildActionMask = 2147483647;
			files = (
			);
			runOnlyForDeploymentPostprocessing = 0;
		};
/* End PBXResourcesBuildPhase section */

/* Begin PBXShellScriptBuildPhase section */
		6327299119C22891003BCD76 /* ShellScript */ = {
			isa = PBXShellScriptBuildPhase;
			buildActionMask = 2147483647;
			files = (
			);
			inputPaths = (
			);
			outputPaths = (
			);
			runOnlyForDeploymentPostprocessing = 0;
			shellPath = /bin/sh;
			shellScript = "# http://blog.jaredsinclair.com/post/97193356620/the-best-of-all-possible-xcode-automated-build\n\n#\n# Set the build number to the current git commit count.\n# If we're using the Dev scheme, then we'll suffix the build\n# number with the current branch name, to make collisions\n# far less likely across feature branches.\n# Based on: http://w3facility.info/question/how-do-i-force-xcode-to-rebuild-the-info-plist-file-in-my-project-every-time-i-build-the-project/\n#\ngit=`sh /etc/profile; which git`\nappBuild=`$git rev-list --all |wc -l`\nif [ $CONFIGURATION = \"Debug\" ]; then\nbranchName=`git rev-parse --abbrev-ref HEAD`\n/usr/libexec/PlistBuddy -c \"Set :CFBundleVersion $appBuild-$branchName\" \"${TARGET_BUILD_DIR}/${INFOPLIST_PATH}\"\nelse\n/usr/libexec/PlistBuddy -c \"Set :CFBundleVersion $appBuild\" \"${TARGET_BUILD_DIR}/${INFOPLIST_PATH}\"\nfi\necho \"Updated ${TARGET_BUILD_DIR}/${INFOPLIST_PATH}\"";
		};
/* End PBXShellScriptBuildPhase section */

/* Begin PBXSourcesBuildPhase section */
		63BBEC8619967A2300F6E2B3 /* Sources */ = {
			isa = PBXSourcesBuildPhase;
			buildActionMask = 2147483647;
			files = (
				63A4B7ED19D46C9700975048 /* Images.xcassets in Sources */,
				63EBB88119AF79BB003C3EC2 /* UIImage_sizing.swift in Sources */,
				63B44AFC199A66AB00AE7B62 /* UIColor_Serialization.swift in Sources */,
				636CEA24199E586400BEBF53 /* DrawingInputController.swift in Sources */,
				6376756119F00F9F00AAB604 /* BinaryCoding.swift in Sources */,
				635F86E11A66CC1300A67981 /* TurnBasedMatchHelper.swift in Sources */,
				636CEA29199F251200BEBF53 /* Match.swift in Sources */,
				63267AD319CC7CE800B22242 /* FullscreenModalTransitionManager.swift in Sources */,
				63FAAC3E1B42E2D200B9C5CC /* RootViewController.swift in Sources */,
				638576F019A65B4500581DE8 /* Geometry.swift in Sources */,
				63BBEC9019967A2300F6E2B3 /* AppDelegate.swift in Sources */,
				63A4B7F319D5C03400975048 /* SaveToGalleryTransitionManager.swift in Sources */,
				635DFA8119B76B6900102B6A /* Appearance.m in Sources */,
				63EFB1AD19D06C8100253560 /* CancelableAction.swift in Sources */,
				63B5252519D73F5D00BB550F /* ShareToTwitter.m in Sources */,
				63BBECBC19967B0C00F6E2B3 /* Stroke.swift in Sources */,
				63EBB83B19A78BAA003C3EC2 /* MatchShieldView.swift in Sources */,
				638E459219C88EEC008D8CD9 /* RootBorderView.swift in Sources */,
				63EBB87319AEC0DD003C3EC2 /* GalleryStore.swift in Sources */,
				63533B1019BCCD6C00ED8B7A /* GameControlButton.swift in Sources */,
				63FDE7321998249A0006B7E4 /* Result.swift in Sources */,
				63EBB88319B0CBE6003C3EC2 /* GalleryViewController.swift in Sources */,
				63533B1319BE033A00ED8B7A /* DrawingTestsViewController.swift in Sources */,
				63B7B70D19A4EB1A00F280AB /* DrawingToolSelector.swift in Sources */,
				638576EC19A6481500581DE8 /* SquizitTheme.swift in Sources */,
				6350C5EA19A1727B008CE4F5 /* MatchViewController.swift in Sources */,
				6327299819C3403F003BCD76 /* ImagePresenterView.swift in Sources */,
				636BFA9719B3DDD100A90A75 /* GCD.swift in Sources */,
				63BBECB619967ACC00F6E2B3 /* Drawing.swift in Sources */,
				63EBB87D19AEC49C003C3EC2 /* GalleryStoreEntities.m in Sources */,
				63EBB87619AEC2C7003C3EC2 /* GalleryStore.xcdatamodeld in Sources */,
				636CEA2B199F25F000BEBF53 /* MatchView.swift in Sources */,
				635DFA8319BA025600102B6A /* GalleryDetailViewController.swift in Sources */,
				635DFA8519BA033B00102B6A /* BasicGalleryCollectionViewDataSource.swift in Sources */,
				63EBB84119ACD26F003C3EC2 /* SaveToGalleryViewController.swift in Sources */,
				63BC820419E441290047D414 /* HowToPlayViewController.swift in Sources */,
				63FAAC3C1B3F48B100B9C5CC /* UIImage_Alpha.swift in Sources */,
			);
			runOnlyForDeploymentPostprocessing = 0;
		};
		63BBEC9C19967A2300F6E2B3 /* Sources */ = {
			isa = PBXSourcesBuildPhase;
			buildActionMask = 2147483647;
			files = (
				63EBB83819A65C45003C3EC2 /* Geometry.swift in Sources */,
				63B44AFD199A66B400AE7B62 /* UIColor_Serialization.swift in Sources */,
				63B44AF519990DA100AE7B62 /* Stroke.swift in Sources */,
				63B44AF619990DA100AE7B62 /* Drawing.swift in Sources */,
				63B44AF719990DA100AE7B62 /* Result.swift in Sources */,
				6376756219F00F9F00AAB604 /* BinaryCoding.swift in Sources */,
				63BBECA719967A2300F6E2B3 /* SquizitTests.swift in Sources */,
			);
			runOnlyForDeploymentPostprocessing = 0;
		};
/* End PBXSourcesBuildPhase section */

/* Begin PBXTargetDependency section */
		63BBECA219967A2300F6E2B3 /* PBXTargetDependency */ = {
			isa = PBXTargetDependency;
			target = 63BBEC8919967A2300F6E2B3 /* Squizit */;
			targetProxy = 63BBECA119967A2300F6E2B3 /* PBXContainerItemProxy */;
		};
/* End PBXTargetDependency section */

/* Begin PBXVariantGroup section */
		63BBEC9719967A2300F6E2B3 /* Main.storyboard */ = {
			isa = PBXVariantGroup;
			children = (
				63BBEC9819967A2300F6E2B3 /* Base */,
			);
			name = Main.storyboard;
			sourceTree = "<group>";
		};
/* End PBXVariantGroup section */

/* Begin XCBuildConfiguration section */
		63BBECA819967A2300F6E2B3 /* Debug */ = {
			isa = XCBuildConfiguration;
			buildSettings = {
				ALWAYS_SEARCH_USER_PATHS = NO;
				CLANG_CXX_LANGUAGE_STANDARD = "gnu++0x";
				CLANG_CXX_LIBRARY = "libc++";
				CLANG_ENABLE_MODULES = YES;
				CLANG_ENABLE_OBJC_ARC = YES;
				CLANG_WARN_BOOL_CONVERSION = YES;
				CLANG_WARN_CONSTANT_CONVERSION = YES;
				CLANG_WARN_DIRECT_OBJC_ISA_USAGE = YES_ERROR;
				CLANG_WARN_EMPTY_BODY = YES;
				CLANG_WARN_ENUM_CONVERSION = YES;
				CLANG_WARN_INT_CONVERSION = YES;
				CLANG_WARN_OBJC_ROOT_CLASS = YES_ERROR;
				CLANG_WARN_UNREACHABLE_CODE = YES;
				CLANG_WARN__DUPLICATE_METHOD_MATCH = YES;
				"CODE_SIGN_IDENTITY[sdk=iphoneos*]" = "iPhone Developer";
				COPY_PHASE_STRIP = NO;
				ENABLE_STRICT_OBJC_MSGSEND = YES;
				GCC_C_LANGUAGE_STANDARD = gnu99;
				GCC_DYNAMIC_NO_PIC = NO;
				GCC_OPTIMIZATION_LEVEL = 0;
				GCC_PREPROCESSOR_DEFINITIONS = (
					"DEBUG=1",
					"$(inherited)",
				);
				GCC_SYMBOLS_PRIVATE_EXTERN = NO;
				GCC_WARN_64_TO_32_BIT_CONVERSION = YES;
				GCC_WARN_ABOUT_RETURN_TYPE = YES_ERROR;
				GCC_WARN_UNDECLARED_SELECTOR = YES;
				GCC_WARN_UNINITIALIZED_AUTOS = YES_AGGRESSIVE;
				GCC_WARN_UNUSED_FUNCTION = YES;
				GCC_WARN_UNUSED_VARIABLE = YES;
				IPHONEOS_DEPLOYMENT_TARGET = 8.0;
				MTL_ENABLE_DEBUG_INFO = YES;
				ONLY_ACTIVE_ARCH = YES;
				SDKROOT = iphoneos;
				SWIFT_OPTIMIZATION_LEVEL = "-Onone";
				TARGETED_DEVICE_FAMILY = 2;
			};
			name = Debug;
		};
		63BBECA919967A2300F6E2B3 /* Release */ = {
			isa = XCBuildConfiguration;
			buildSettings = {
				ALWAYS_SEARCH_USER_PATHS = NO;
				CLANG_CXX_LANGUAGE_STANDARD = "gnu++0x";
				CLANG_CXX_LIBRARY = "libc++";
				CLANG_ENABLE_MODULES = YES;
				CLANG_ENABLE_OBJC_ARC = YES;
				CLANG_WARN_BOOL_CONVERSION = YES;
				CLANG_WARN_CONSTANT_CONVERSION = YES;
				CLANG_WARN_DIRECT_OBJC_ISA_USAGE = YES_ERROR;
				CLANG_WARN_EMPTY_BODY = YES;
				CLANG_WARN_ENUM_CONVERSION = YES;
				CLANG_WARN_INT_CONVERSION = YES;
				CLANG_WARN_OBJC_ROOT_CLASS = YES_ERROR;
				CLANG_WARN_UNREACHABLE_CODE = YES;
				CLANG_WARN__DUPLICATE_METHOD_MATCH = YES;
				"CODE_SIGN_IDENTITY[sdk=iphoneos*]" = "iPhone Developer";
				COPY_PHASE_STRIP = YES;
				ENABLE_NS_ASSERTIONS = NO;
				ENABLE_STRICT_OBJC_MSGSEND = YES;
				GCC_C_LANGUAGE_STANDARD = gnu99;
				GCC_WARN_64_TO_32_BIT_CONVERSION = YES;
				GCC_WARN_ABOUT_RETURN_TYPE = YES_ERROR;
				GCC_WARN_UNDECLARED_SELECTOR = YES;
				GCC_WARN_UNINITIALIZED_AUTOS = YES_AGGRESSIVE;
				GCC_WARN_UNUSED_FUNCTION = YES;
				GCC_WARN_UNUSED_VARIABLE = YES;
				IPHONEOS_DEPLOYMENT_TARGET = 8.0;
				MTL_ENABLE_DEBUG_INFO = NO;
				SDKROOT = iphoneos;
				TARGETED_DEVICE_FAMILY = 2;
				VALIDATE_PRODUCT = YES;
			};
			name = Release;
		};
		63BBECAB19967A2300F6E2B3 /* Debug */ = {
			isa = XCBuildConfiguration;
			buildSettings = {
				ASSETCATALOG_COMPILER_APPICON_NAME = AppIcon;
				CLANG_ENABLE_MODULES = YES;
				CODE_SIGN_IDENTITY = "iPhone Developer";
				"CODE_SIGN_IDENTITY[sdk=iphoneos*]" = "iPhone Developer";
				INFOPLIST_FILE = Squizit/Info.plist;
				LD_RUNPATH_SEARCH_PATHS = "$(inherited) @executable_path/Frameworks";
				OTHER_SWIFT_FLAGS = "-DDEBUG";
				PRODUCT_NAME = "$(TARGET_NAME)";
				PROVISIONING_PROFILE = "";
				SWIFT_OBJC_BRIDGING_HEADER = "Squizit/Models/Squizit-Bridging-Header.h";
				SWIFT_OPTIMIZATION_LEVEL = "-Onone";
				TARGETED_DEVICE_FAMILY = "1,2";
			};
			name = Debug;
		};
		63BBECAC19967A2300F6E2B3 /* Release */ = {
			isa = XCBuildConfiguration;
			buildSettings = {
				ASSETCATALOG_COMPILER_APPICON_NAME = AppIcon;
				CLANG_ENABLE_MODULES = YES;
				CODE_SIGN_IDENTITY = "iPhone Developer";
				"CODE_SIGN_IDENTITY[sdk=iphoneos*]" = "iPhone Developer";
				INFOPLIST_FILE = Squizit/Info.plist;
				LD_RUNPATH_SEARCH_PATHS = "$(inherited) @executable_path/Frameworks";
				OTHER_SWIFT_FLAGS = "";
				PRODUCT_NAME = "$(TARGET_NAME)";
				PROVISIONING_PROFILE = "";
				SWIFT_OBJC_BRIDGING_HEADER = "Squizit/Models/Squizit-Bridging-Header.h";
				TARGETED_DEVICE_FAMILY = "1,2";
			};
			name = Release;
		};
		63BBECAE19967A2300F6E2B3 /* Debug */ = {
			isa = XCBuildConfiguration;
			buildSettings = {
				BUNDLE_LOADER = "$(TEST_HOST)";
				FRAMEWORK_SEARCH_PATHS = (
					"$(SDKROOT)/Developer/Library/Frameworks",
					"$(inherited)",
				);
				GCC_PREPROCESSOR_DEFINITIONS = (
					"DEBUG=1",
					"$(inherited)",
				);
				INFOPLIST_FILE = SquizitTests/Info.plist;
				LD_RUNPATH_SEARCH_PATHS = "$(inherited) @executable_path/Frameworks @loader_path/Frameworks";
				PRODUCT_NAME = "$(TARGET_NAME)";
				TEST_HOST = "$(BUILT_PRODUCTS_DIR)/Squizit.app/Squizit";
			};
			name = Debug;
		};
		63BBECAF19967A2300F6E2B3 /* Release */ = {
			isa = XCBuildConfiguration;
			buildSettings = {
				BUNDLE_LOADER = "$(TEST_HOST)";
				FRAMEWORK_SEARCH_PATHS = (
					"$(SDKROOT)/Developer/Library/Frameworks",
					"$(inherited)",
				);
				INFOPLIST_FILE = SquizitTests/Info.plist;
				LD_RUNPATH_SEARCH_PATHS = "$(inherited) @executable_path/Frameworks @loader_path/Frameworks";
				PRODUCT_NAME = "$(TARGET_NAME)";
				TEST_HOST = "$(BUILT_PRODUCTS_DIR)/Squizit.app/Squizit";
			};
			name = Release;
		};
/* End XCBuildConfiguration section */

/* Begin XCConfigurationList section */
		63BBEC8519967A2300F6E2B3 /* Build configuration list for PBXProject "Squizit" */ = {
			isa = XCConfigurationList;
			buildConfigurations = (
				63BBECA819967A2300F6E2B3 /* Debug */,
				63BBECA919967A2300F6E2B3 /* Release */,
			);
			defaultConfigurationIsVisible = 0;
			defaultConfigurationName = Release;
		};
		63BBECAA19967A2300F6E2B3 /* Build configuration list for PBXNativeTarget "Squizit" */ = {
			isa = XCConfigurationList;
			buildConfigurations = (
				63BBECAB19967A2300F6E2B3 /* Debug */,
				63BBECAC19967A2300F6E2B3 /* Release */,
			);
			defaultConfigurationIsVisible = 0;
			defaultConfigurationName = Release;
		};
		63BBECAD19967A2300F6E2B3 /* Build configuration list for PBXNativeTarget "SquizitTests" */ = {
			isa = XCConfigurationList;
			buildConfigurations = (
				63BBECAE19967A2300F6E2B3 /* Debug */,
				63BBECAF19967A2300F6E2B3 /* Release */,
			);
			defaultConfigurationIsVisible = 0;
			defaultConfigurationName = Release;
		};
/* End XCConfigurationList section */

/* Begin XCVersionGroup section */
		63EBB87419AEC2C7003C3EC2 /* GalleryStore.xcdatamodeld */ = {
			isa = XCVersionGroup;
			children = (
				63EBB87519AEC2C7003C3EC2 /* GalleryStore.xcdatamodel */,
			);
			currentVersion = 63EBB87519AEC2C7003C3EC2 /* GalleryStore.xcdatamodel */;
			path = GalleryStore.xcdatamodeld;
			sourceTree = "<group>";
			versionGroupType = wrapper.xcdatamodel;
		};
/* End XCVersionGroup section */
	};
	rootObject = 63BBEC8219967A2300F6E2B3 /* Project object */;
}
