// !$*UTF8*$!
{
	archiveVersion = 1;
	classes = {
	};
	objectVersion = 46;
	objects = {

/* Begin PBXBuildFile section */
		63BBEC9019967A2300F6E2B3 /* AppDelegate.swift in Sources */ = {isa = PBXBuildFile; fileRef = 63BBEC8F19967A2300F6E2B3 /* AppDelegate.swift */; };
		63BBEC9919967A2300F6E2B3 /* Main.storyboard in Resources */ = {isa = PBXBuildFile; fileRef = 63BBEC9719967A2300F6E2B3 /* Main.storyboard */; };
		63BBEC9B19967A2300F6E2B3 /* Images.xcassets in Resources */ = {isa = PBXBuildFile; fileRef = 63BBEC9A19967A2300F6E2B3 /* Images.xcassets */; };
		63BBECA719967A2300F6E2B3 /* SquizitTests.swift in Sources */ = {isa = PBXBuildFile; fileRef = 63BBECA619967A2300F6E2B3 /* SquizitTests.swift */; };
		63BBECB619967ACC00F6E2B3 /* Drawing.swift in Sources */ = {isa = PBXBuildFile; fileRef = 63BBECB519967ACC00F6E2B3 /* Drawing.swift */; };
		63BBECB819967AFB00F6E2B3 /* DrawingView.swift in Sources */ = {isa = PBXBuildFile; fileRef = 63BBECB719967AFB00F6E2B3 /* DrawingView.swift */; };
		63BBECBA19967B0400F6E2B3 /* Util.swift in Sources */ = {isa = PBXBuildFile; fileRef = 63BBECB919967B0400F6E2B3 /* Util.swift */; };
		63BBECBC19967B0C00F6E2B3 /* Stroke.swift in Sources */ = {isa = PBXBuildFile; fileRef = 63BBECBB19967B0C00F6E2B3 /* Stroke.swift */; };
		63BBECBE19967B3600F6E2B3 /* SimpleDrawingViewController.swift in Sources */ = {isa = PBXBuildFile; fileRef = 63BBECBD19967B3600F6E2B3 /* SimpleDrawingViewController.swift */; };
/* End PBXBuildFile section */

/* Begin PBXContainerItemProxy section */
		63BBECA119967A2300F6E2B3 /* PBXContainerItemProxy */ = {
			isa = PBXContainerItemProxy;
			containerPortal = 63BBEC8219967A2300F6E2B3 /* Project object */;
			proxyType = 1;
			remoteGlobalIDString = 63BBEC8919967A2300F6E2B3;
			remoteInfo = Squizit;
		};
/* End PBXContainerItemProxy section */

/* Begin PBXFileReference section */
		63BBEC8A19967A2300F6E2B3 /* Squizit.app */ = {isa = PBXFileReference; explicitFileType = wrapper.application; includeInIndex = 0; path = Squizit.app; sourceTree = BUILT_PRODUCTS_DIR; };
		63BBEC8E19967A2300F6E2B3 /* Info.plist */ = {isa = PBXFileReference; lastKnownFileType = text.plist.xml; path = Info.plist; sourceTree = "<group>"; };
		63BBEC8F19967A2300F6E2B3 /* AppDelegate.swift */ = {isa = PBXFileReference; lastKnownFileType = sourcecode.swift; path = AppDelegate.swift; sourceTree = "<group>"; };
		63BBEC9819967A2300F6E2B3 /* Base */ = {isa = PBXFileReference; lastKnownFileType = file.storyboard; name = Base; path = Base.lproj/Main.storyboard; sourceTree = "<group>"; };
		63BBEC9A19967A2300F6E2B3 /* Images.xcassets */ = {isa = PBXFileReference; lastKnownFileType = folder.assetcatalog; path = Images.xcassets; sourceTree = "<group>"; };
		63BBECA019967A2300F6E2B3 /* SquizitTests.xctest */ = {isa = PBXFileReference; explicitFileType = wrapper.cfbundle; includeInIndex = 0; path = SquizitTests.xctest; sourceTree = BUILT_PRODUCTS_DIR; };
		63BBECA519967A2300F6E2B3 /* Info.plist */ = {isa = PBXFileReference; lastKnownFileType = text.plist.xml; path = Info.plist; sourceTree = "<group>"; };
		63BBECA619967A2300F6E2B3 /* SquizitTests.swift */ = {isa = PBXFileReference; lastKnownFileType = sourcecode.swift; path = SquizitTests.swift; sourceTree = "<group>"; };
		63BBECB519967ACC00F6E2B3 /* Drawing.swift */ = {isa = PBXFileReference; fileEncoding = 4; lastKnownFileType = sourcecode.swift; path = Drawing.swift; sourceTree = "<group>"; };
		63BBECB719967AFB00F6E2B3 /* DrawingView.swift */ = {isa = PBXFileReference; fileEncoding = 4; lastKnownFileType = sourcecode.swift; path = DrawingView.swift; sourceTree = "<group>"; };
		63BBECB919967B0400F6E2B3 /* Util.swift */ = {isa = PBXFileReference; fileEncoding = 4; lastKnownFileType = sourcecode.swift; path = Util.swift; sourceTree = "<group>"; };
		63BBECBB19967B0C00F6E2B3 /* Stroke.swift */ = {isa = PBXFileReference; fileEncoding = 4; lastKnownFileType = sourcecode.swift; path = Stroke.swift; sourceTree = "<group>"; };
		63BBECBD19967B3600F6E2B3 /* SimpleDrawingViewController.swift */ = {isa = PBXFileReference; fileEncoding = 4; lastKnownFileType = sourcecode.swift; path = SimpleDrawingViewController.swift; sourceTree = "<group>"; };
/* End PBXFileReference section */

/* Begin PBXFrameworksBuildPhase section */
		63BBEC8719967A2300F6E2B3 /* Frameworks */ = {
			isa = PBXFrameworksBuildPhase;
			buildActionMask = 2147483647;
			files = (
			);
			runOnlyForDeploymentPostprocessing = 0;
		};
		63BBEC9D19967A2300F6E2B3 /* Frameworks */ = {
			isa = PBXFrameworksBuildPhase;
			buildActionMask = 2147483647;
			files = (
			);
			runOnlyForDeploymentPostprocessing = 0;
		};
/* End PBXFrameworksBuildPhase section */

/* Begin PBXGroup section */
		63BBEC8119967A2300F6E2B3 = {
			isa = PBXGroup;
			children = (
				63BBEC8C19967A2300F6E2B3 /* Squizit */,
				63BBECA319967A2300F6E2B3 /* SquizitTests */,
				63BBEC8B19967A2300F6E2B3 /* Products */,
			);
			sourceTree = "<group>";
		};
		63BBEC8B19967A2300F6E2B3 /* Products */ = {
			isa = PBXGroup;
			children = (
				63BBEC8A19967A2300F6E2B3 /* Squizit.app */,
				63BBECA019967A2300F6E2B3 /* SquizitTests.xctest */,
			);
			name = Products;
			sourceTree = "<group>";
		};
		63BBEC8C19967A2300F6E2B3 /* Squizit */ = {
			isa = PBXGroup;
			children = (
				63BBECB919967B0400F6E2B3 /* Util.swift */,
				63BBECB019967A9900F6E2B3 /* Models */,
				63BBECB119967A9900F6E2B3 /* ViewControllers */,
				63BBECB219967A9900F6E2B3 /* Views */,
				63BBEC8F19967A2300F6E2B3 /* AppDelegate.swift */,
				63BBEC9719967A2300F6E2B3 /* Main.storyboard */,
				63BBEC9A19967A2300F6E2B3 /* Images.xcassets */,
				63BBEC8D19967A2300F6E2B3 /* Supporting Files */,
			);
			path = Squizit;
			sourceTree = "<group>";
		};
		63BBEC8D19967A2300F6E2B3 /* Supporting Files */ = {
			isa = PBXGroup;
			children = (
				63BBEC8E19967A2300F6E2B3 /* Info.plist */,
			);
			name = "Supporting Files";
			sourceTree = "<group>";
		};
		63BBECA319967A2300F6E2B3 /* SquizitTests */ = {
			isa = PBXGroup;
			children = (
				63BBECA619967A2300F6E2B3 /* SquizitTests.swift */,
				63BBECA419967A2300F6E2B3 /* Supporting Files */,
			);
			path = SquizitTests;
			sourceTree = "<group>";
		};
		63BBECA419967A2300F6E2B3 /* Supporting Files */ = {
			isa = PBXGroup;
			children = (
				63BBECA519967A2300F6E2B3 /* Info.plist */,
			);
			name = "Supporting Files";
			sourceTree = "<group>";
		};
		63BBECB019967A9900F6E2B3 /* Models */ = {
			isa = PBXGroup;
			children = (
				63BBECBB19967B0C00F6E2B3 /* Stroke.swift */,
				63BBECB519967ACC00F6E2B3 /* Drawing.swift */,
			);
			path = Models;
			sourceTree = "<group>";
		};
		63BBECB119967A9900F6E2B3 /* ViewControllers */ = {
			isa = PBXGroup;
			children = (
				63BBECBD19967B3600F6E2B3 /* SimpleDrawingViewController.swift */,
			);
			path = ViewControllers;
			sourceTree = "<group>";
		};
		63BBECB219967A9900F6E2B3 /* Views */ = {
			isa = PBXGroup;
			children = (
				63BBECB719967AFB00F6E2B3 /* DrawingView.swift */,
			);
			path = Views;
			sourceTree = "<group>";
		};
/* End PBXGroup section */

/* Begin PBXNativeTarget section */
		63BBEC8919967A2300F6E2B3 /* Squizit */ = {
			isa = PBXNativeTarget;
			buildConfigurationList = 63BBECAA19967A2300F6E2B3 /* Build configuration list for PBXNativeTarget "Squizit" */;
			buildPhases = (
				63BBEC8619967A2300F6E2B3 /* Sources */,
				63BBEC8719967A2300F6E2B3 /* Frameworks */,
				63BBEC8819967A2300F6E2B3 /* Resources */,
			);
			buildRules = (
			);
			dependencies = (
			);
			name = Squizit;
			productName = Squizit;
			productReference = 63BBEC8A19967A2300F6E2B3 /* Squizit.app */;
			productType = "com.apple.product-type.application";
		};
		63BBEC9F19967A2300F6E2B3 /* SquizitTests */ = {
			isa = PBXNativeTarget;
			buildConfigurationList = 63BBECAD19967A2300F6E2B3 /* Build configuration list for PBXNativeTarget "SquizitTests" */;
			buildPhases = (
				63BBEC9C19967A2300F6E2B3 /* Sources */,
				63BBEC9D19967A2300F6E2B3 /* Frameworks */,
				63BBEC9E19967A2300F6E2B3 /* Resources */,
			);
			buildRules = (
			);
			dependencies = (
				63BBECA219967A2300F6E2B3 /* PBXTargetDependency */,
			);
			name = SquizitTests;
			productName = SquizitTests;
			productReference = 63BBECA019967A2300F6E2B3 /* SquizitTests.xctest */;
			productType = "com.apple.product-type.bundle.unit-test";
		};
/* End PBXNativeTarget section */

/* Begin PBXProject section */
		63BBEC8219967A2300F6E2B3 /* Project object */ = {
			isa = PBXProject;
			attributes = {
				LastUpgradeCheck = 0600;
				ORGANIZATIONNAME = "Shamyl Zakariya";
				TargetAttributes = {
					63BBEC8919967A2300F6E2B3 = {
						CreatedOnToolsVersion = 6.0;
					};
					63BBEC9F19967A2300F6E2B3 = {
						CreatedOnToolsVersion = 6.0;
						TestTargetID = 63BBEC8919967A2300F6E2B3;
					};
				};
			};
			buildConfigurationList = 63BBEC8519967A2300F6E2B3 /* Build configuration list for PBXProject "Squizit" */;
			compatibilityVersion = "Xcode 3.2";
			developmentRegion = English;
			hasScannedForEncodings = 0;
			knownRegions = (
				en,
				Base,
			);
			mainGroup = 63BBEC8119967A2300F6E2B3;
			productRefGroup = 63BBEC8B19967A2300F6E2B3 /* Products */;
			projectDirPath = "";
			projectRoot = "";
			targets = (
				63BBEC8919967A2300F6E2B3 /* Squizit */,
				63BBEC9F19967A2300F6E2B3 /* SquizitTests */,
			);
		};
/* End PBXProject section */

/* Begin PBXResourcesBuildPhase section */
		63BBEC8819967A2300F6E2B3 /* Resources */ = {
			isa = PBXResourcesBuildPhase;
			buildActionMask = 2147483647;
			files = (
				63BBEC9919967A2300F6E2B3 /* Main.storyboard in Resources */,
				63BBEC9B19967A2300F6E2B3 /* Images.xcassets in Resources */,
			);
			runOnlyForDeploymentPostprocessing = 0;
		};
		63BBEC9E19967A2300F6E2B3 /* Resources */ = {
			isa = PBXResourcesBuildPhase;
			buildActionMask = 2147483647;
			files = (
			);
			runOnlyForDeploymentPostprocessing = 0;
		};
/* End PBXResourcesBuildPhase section */

/* Begin PBXSourcesBuildPhase section */
		63BBEC8619967A2300F6E2B3 /* Sources */ = {
			isa = PBXSourcesBuildPhase;
			buildActionMask = 2147483647;
			files = (
				63BBECBE19967B3600F6E2B3 /* SimpleDrawingViewController.swift in Sources */,
				63BBECB819967AFB00F6E2B3 /* DrawingView.swift in Sources */,
				63BBEC9019967A2300F6E2B3 /* AppDelegate.swift in Sources */,
				63BBECBC19967B0C00F6E2B3 /* Stroke.swift in Sources */,
				63BBECB619967ACC00F6E2B3 /* Drawing.swift in Sources */,
				63BBECBA19967B0400F6E2B3 /* Util.swift in Sources */,
			);
			runOnlyForDeploymentPostprocessing = 0;
		};
		63BBEC9C19967A2300F6E2B3 /* Sources */ = {
			isa = PBXSourcesBuildPhase;
			buildActionMask = 2147483647;
			files = (
				63BBECA719967A2300F6E2B3 /* SquizitTests.swift in Sources */,
			);
			runOnlyForDeploymentPostprocessing = 0;
		};
/* End PBXSourcesBuildPhase section */

/* Begin PBXTargetDependency section */
		63BBECA219967A2300F6E2B3 /* PBXTargetDependency */ = {
			isa = PBXTargetDependency;
			target = 63BBEC8919967A2300F6E2B3 /* Squizit */;
			targetProxy = 63BBECA119967A2300F6E2B3 /* PBXContainerItemProxy */;
		};
/* End PBXTargetDependency section */

/* Begin PBXVariantGroup section */
		63BBEC9719967A2300F6E2B3 /* Main.storyboard */ = {
			isa = PBXVariantGroup;
			children = (
				63BBEC9819967A2300F6E2B3 /* Base */,
			);
			name = Main.storyboard;
			sourceTree = "<group>";
		};
/* End PBXVariantGroup section */

/* Begin XCBuildConfiguration section */
		63BBECA819967A2300F6E2B3 /* Debug */ = {
			isa = XCBuildConfiguration;
			buildSettings = {
				ALWAYS_SEARCH_USER_PATHS = NO;
				CLANG_CXX_LANGUAGE_STANDARD = "gnu++0x";
				CLANG_CXX_LIBRARY = "libc++";
				CLANG_ENABLE_MODULES = YES;
				CLANG_ENABLE_OBJC_ARC = YES;
				CLANG_WARN_BOOL_CONVERSION = YES;
				CLANG_WARN_CONSTANT_CONVERSION = YES;
				CLANG_WARN_DIRECT_OBJC_ISA_USAGE = YES_ERROR;
				CLANG_WARN_EMPTY_BODY = YES;
				CLANG_WARN_ENUM_CONVERSION = YES;
				CLANG_WARN_INT_CONVERSION = YES;
				CLANG_WARN_OBJC_ROOT_CLASS = YES_ERROR;
				CLANG_WARN_UNREACHABLE_CODE = YES;
				CLANG_WARN__DUPLICATE_METHOD_MATCH = YES;
				"CODE_SIGN_IDENTITY[sdk=iphoneos*]" = "iPhone Developer";
				COPY_PHASE_STRIP = NO;
				ENABLE_STRICT_OBJC_MSGSEND = YES;
				GCC_C_LANGUAGE_STANDARD = gnu99;
				GCC_DYNAMIC_NO_PIC = NO;
				GCC_OPTIMIZATION_LEVEL = 0;
				GCC_PREPROCESSOR_DEFINITIONS = (
					"DEBUG=1",
					"$(inherited)",
				);
				GCC_SYMBOLS_PRIVATE_EXTERN = NO;
				GCC_WARN_64_TO_32_BIT_CONVERSION = YES;
				GCC_WARN_ABOUT_RETURN_TYPE = YES_ERROR;
				GCC_WARN_UNDECLARED_SELECTOR = YES;
				GCC_WARN_UNINITIALIZED_AUTOS = YES_AGGRESSIVE;
				GCC_WARN_UNUSED_FUNCTION = YES;
				GCC_WARN_UNUSED_VARIABLE = YES;
				IPHONEOS_DEPLOYMENT_TARGET = 8.0;
				MTL_ENABLE_DEBUG_INFO = YES;
				ONLY_ACTIVE_ARCH = YES;
				SDKROOT = iphoneos;
				SWIFT_OPTIMIZATION_LEVEL = "-Onone";
				TARGETED_DEVICE_FAMILY = 2;
			};
			name = Debug;
		};
		63BBECA919967A2300F6E2B3 /* Release */ = {
			isa = XCBuildConfiguration;
			buildSettings = {
				ALWAYS_SEARCH_USER_PATHS = NO;
				CLANG_CXX_LANGUAGE_STANDARD = "gnu++0x";
				CLANG_CXX_LIBRARY = "libc++";
				CLANG_ENABLE_MODULES = YES;
				CLANG_ENABLE_OBJC_ARC = YES;
				CLANG_WARN_BOOL_CONVERSION = YES;
				CLANG_WARN_CONSTANT_CONVERSION = YES;
				CLANG_WARN_DIRECT_OBJC_ISA_USAGE = YES_ERROR;
				CLANG_WARN_EMPTY_BODY = YES;
				CLANG_WARN_ENUM_CONVERSION = YES;
				CLANG_WARN_INT_CONVERSION = YES;
				CLANG_WARN_OBJC_ROOT_CLASS = YES_ERROR;
				CLANG_WARN_UNREACHABLE_CODE = YES;
				CLANG_WARN__DUPLICATE_METHOD_MATCH = YES;
				"CODE_SIGN_IDENTITY[sdk=iphoneos*]" = "iPhone Developer";
				COPY_PHASE_STRIP = YES;
				ENABLE_NS_ASSERTIONS = NO;
				ENABLE_STRICT_OBJC_MSGSEND = YES;
				GCC_C_LANGUAGE_STANDARD = gnu99;
				GCC_WARN_64_TO_32_BIT_CONVERSION = YES;
				GCC_WARN_ABOUT_RETURN_TYPE = YES_ERROR;
				GCC_WARN_UNDECLARED_SELECTOR = YES;
				GCC_WARN_UNINITIALIZED_AUTOS = YES_AGGRESSIVE;
				GCC_WARN_UNUSED_FUNCTION = YES;
				GCC_WARN_UNUSED_VARIABLE = YES;
				IPHONEOS_DEPLOYMENT_TARGET = 8.0;
				MTL_ENABLE_DEBUG_INFO = NO;
				SDKROOT = iphoneos;
				TARGETED_DEVICE_FAMILY = 2;
				VALIDATE_PRODUCT = YES;
			};
			name = Release;
		};
		63BBECAB19967A2300F6E2B3 /* Debug */ = {
			isa = XCBuildConfiguration;
			buildSettings = {
				ASSETCATALOG_COMPILER_APPICON_NAME = AppIcon;
				ASSETCATALOG_COMPILER_LAUNCHIMAGE_NAME = LaunchImage;
				INFOPLIST_FILE = Squizit/Info.plist;
				LD_RUNPATH_SEARCH_PATHS = "$(inherited) @executable_path/Frameworks";
				PRODUCT_NAME = "$(TARGET_NAME)";
			};
			name = Debug;
		};
		63BBECAC19967A2300F6E2B3 /* Release */ = {
			isa = XCBuildConfiguration;
			buildSettings = {
				ASSETCATALOG_COMPILER_APPICON_NAME = AppIcon;
				ASSETCATALOG_COMPILER_LAUNCHIMAGE_NAME = LaunchImage;
				INFOPLIST_FILE = Squizit/Info.plist;
				LD_RUNPATH_SEARCH_PATHS = "$(inherited) @executable_path/Frameworks";
				PRODUCT_NAME = "$(TARGET_NAME)";
			};
			name = Release;
		};
		63BBECAE19967A2300F6E2B3 /* Debug */ = {
			isa = XCBuildConfiguration;
			buildSettings = {
				BUNDLE_LOADER = "$(TEST_HOST)";
				FRAMEWORK_SEARCH_PATHS = (
					"$(SDKROOT)/Developer/Library/Frameworks",
					"$(inherited)",
				);
				GCC_PREPROCESSOR_DEFINITIONS = (
					"DEBUG=1",
					"$(inherited)",
				);
				INFOPLIST_FILE = SquizitTests/Info.plist;
				LD_RUNPATH_SEARCH_PATHS = "$(inherited) @executable_path/Frameworks @loader_path/Frameworks";
				PRODUCT_NAME = "$(TARGET_NAME)";
				TEST_HOST = "$(BUILT_PRODUCTS_DIR)/Squizit.app/Squizit";
			};
			name = Debug;
		};
		63BBECAF19967A2300F6E2B3 /* Release */ = {
			isa = XCBuildConfiguration;
			buildSettings = {
				BUNDLE_LOADER = "$(TEST_HOST)";
				FRAMEWORK_SEARCH_PATHS = (
					"$(SDKROOT)/Developer/Library/Frameworks",
					"$(inherited)",
				);
				INFOPLIST_FILE = SquizitTests/Info.plist;
				LD_RUNPATH_SEARCH_PATHS = "$(inherited) @executable_path/Frameworks @loader_path/Frameworks";
				PRODUCT_NAME = "$(TARGET_NAME)";
				TEST_HOST = "$(BUILT_PRODUCTS_DIR)/Squizit.app/Squizit";
			};
			name = Release;
		};
/* End XCBuildConfiguration section */

/* Begin XCConfigurationList section */
		63BBEC8519967A2300F6E2B3 /* Build configuration list for PBXProject "Squizit" */ = {
			isa = XCConfigurationList;
			buildConfigurations = (
				63BBECA819967A2300F6E2B3 /* Debug */,
				63BBECA919967A2300F6E2B3 /* Release */,
			);
			defaultConfigurationIsVisible = 0;
			defaultConfigurationName = Release;
		};
		63BBECAA19967A2300F6E2B3 /* Build configuration list for PBXNativeTarget "Squizit" */ = {
			isa = XCConfigurationList;
			buildConfigurations = (
				63BBECAB19967A2300F6E2B3 /* Debug */,
				63BBECAC19967A2300F6E2B3 /* Release */,
			);
			defaultConfigurationIsVisible = 0;
		};
		63BBECAD19967A2300F6E2B3 /* Build configuration list for PBXNativeTarget "SquizitTests" */ = {
			isa = XCConfigurationList;
			buildConfigurations = (
				63BBECAE19967A2300F6E2B3 /* Debug */,
				63BBECAF19967A2300F6E2B3 /* Release */,
			);
			defaultConfigurationIsVisible = 0;
		};
/* End XCConfigurationList section */
	};
	rootObject = 63BBEC8219967A2300F6E2B3 /* Project object */;
}
